// !$*UTF8*$!
{
	archiveVersion = 1;
	classes = {
	};
	objectVersion = 77;
	objects = {

/* Begin PBXBuildFile section */
		BC10B1E12EC4E2D60067C14E /* AppState.swift in Sources */ = {isa = PBXBuildFile; fileRef = BC10B1782EC4E2D60067C14E /* AppState.swift */; };
		BC10B1E22EC4E2D60067C14E /* JeepChakApp.swift in Sources */ = {isa = PBXBuildFile; fileRef = BC10B1792EC4E2D60067C14E /* JeepChakApp.swift */; };
		BC10B1E32EC4E2D60067C14E /* MainTabView.swift in Sources */ = {isa = PBXBuildFile; fileRef = BC10B17A2EC4E2D60067C14E /* MainTabView.swift */; };
		BC10B1E42EC4E2D60067C14E /* RootView.swift in Sources */ = {isa = PBXBuildFile; fileRef = BC10B17B2EC4E2D60067C14E /* RootView.swift */; };
		BC10B1E52EC4E2D60067C14E /* AnalyzeView.swift in Sources */ = {isa = PBXBuildFile; fileRef = BC10B17D2EC4E2D60067C14E /* AnalyzeView.swift */; };
		BC10B1E62EC4E2D60067C14E /* AnalyzeViewModel.swift in Sources */ = {isa = PBXBuildFile; fileRef = BC10B17E2EC4E2D60067C14E /* AnalyzeViewModel.swift */; };
		BC10B1E72EC4E2D60067C14E /* AddCheckListView.swift in Sources */ = {isa = PBXBuildFile; fileRef = BC10B1802EC4E2D60067C14E /* AddCheckListView.swift */; };
		BC10B1E82EC4E2D60067C14E /* AddCheckListViewModel.swift in Sources */ = {isa = PBXBuildFile; fileRef = BC10B1812EC4E2D60067C14E /* AddCheckListViewModel.swift */; };
		BC10B1E92EC4E2D60067C14E /* CheckListTextField.swift in Sources */ = {isa = PBXBuildFile; fileRef = BC10B1822EC4E2D60067C14E /* CheckListTextField.swift */; };
		BC10B1EA2EC4E2D60067C14E /* AddChecklistSheet.swift in Sources */ = {isa = PBXBuildFile; fileRef = BC10B1842EC4E2D60067C14E /* AddChecklistSheet.swift */; };
		BC10B1EB2EC4E2D60067C14E /* AIGeneratedListView.swift in Sources */ = {isa = PBXBuildFile; fileRef = BC10B1852EC4E2D60067C14E /* AIGeneratedListView.swift */; };
		BC10B1EC2EC4E2D60067C14E /* AILoadingView.swift in Sources */ = {isa = PBXBuildFile; fileRef = BC10B1862EC4E2D60067C14E /* AILoadingView.swift */; };
		BC10B1ED2EC4E2D60067C14E /* AIResultView.swift in Sources */ = {isa = PBXBuildFile; fileRef = BC10B1872EC4E2D60067C14E /* AIResultView.swift */; };
		BC10B1EE2EC4E2D60067C14E /* AddCheckListItem.swift in Sources */ = {isa = PBXBuildFile; fileRef = BC10B1892EC4E2D60067C14E /* AddCheckListItem.swift */; };
		BC10B1EF2EC4E2D60067C14E /* AICheckItem.swift in Sources */ = {isa = PBXBuildFile; fileRef = BC10B18A2EC4E2D60067C14E /* AICheckItem.swift */; };
		BC10B1F02EC4E2D60067C14E /* CheckItem.swift in Sources */ = {isa = PBXBuildFile; fileRef = BC10B18B2EC4E2D60067C14E /* CheckItem.swift */; };
		BC10B1F12EC4E2D60067C14E /* DetailItem.swift in Sources */ = {isa = PBXBuildFile; fileRef = BC10B18C2EC4E2D60067C14E /* DetailItem.swift */; };
		BC10B1F22EC4E2D60067C14E /* AddCheckItemSheet.swift in Sources */ = {isa = PBXBuildFile; fileRef = BC10B18E2EC4E2D60067C14E /* AddCheckItemSheet.swift */; };
		BC10B1F32EC4E2D60067C14E /* CheckListDetailHeaderView.swift in Sources */ = {isa = PBXBuildFile; fileRef = BC10B18F2EC4E2D60067C14E /* CheckListDetailHeaderView.swift */; };
		BC10B1F42EC4E2D60067C14E /* CheckListFinalHeaderView.swift in Sources */ = {isa = PBXBuildFile; fileRef = BC10B1902EC4E2D60067C14E /* CheckListFinalHeaderView.swift */; };
		BC10B1F52EC4E2D60067C14E /* CheckListHeaderView.swift in Sources */ = {isa = PBXBuildFile; fileRef = BC10B1912EC4E2D60067C14E /* CheckListHeaderView.swift */; };
		BC10B1F62EC4E2D60067C14E /* StatusButtonView.swift in Sources */ = {isa = PBXBuildFile; fileRef = BC10B1922EC4E2D60067C14E /* StatusButtonView.swift */; };
		BC10B1F72EC4E2D60067C14E /* StatusIndicatorView.swift in Sources */ = {isa = PBXBuildFile; fileRef = BC10B1932EC4E2D60067C14E /* StatusIndicatorView.swift */; };
		BC10B1F82EC4E2D60067C14E /* CheckListDetailView.swift in Sources */ = {isa = PBXBuildFile; fileRef = BC10B1952EC4E2D60067C14E /* CheckListDetailView.swift */; };
		BC10B1F92EC4E2D60067C14E /* CheckListEmptyView.swift in Sources */ = {isa = PBXBuildFile; fileRef = BC10B1962EC4E2D60067C14E /* CheckListEmptyView.swift */; };
		BC10B1FA2EC4E2D60067C14E /* CheckListFinalView.swift in Sources */ = {isa = PBXBuildFile; fileRef = BC10B1972EC4E2D60067C14E /* CheckListFinalView.swift */; };
		BC10B1FB2EC4E2D60067C14E /* CheckListGridView.swift in Sources */ = {isa = PBXBuildFile; fileRef = BC10B1982EC4E2D60067C14E /* CheckListGridView.swift */; };
		BC10B1FC2EC4E2D60067C14E /* CheckListView.swift in Sources */ = {isa = PBXBuildFile; fileRef = BC10B1992EC4E2D60067C14E /* CheckListView.swift */; };
		BC10B1FD2EC4E2D60067C14E /* CheckListDetailViewModel.swift in Sources */ = {isa = PBXBuildFile; fileRef = BC10B19B2EC4E2D60067C14E /* CheckListDetailViewModel.swift */; };
		BC10B1FE2EC4E2D60067C14E /* CheckListFinalViewModel.swift in Sources */ = {isa = PBXBuildFile; fileRef = BC10B19C2EC4E2D60067C14E /* CheckListFinalViewModel.swift */; };
		BC10B1FF2EC4E2D60067C14E /* CheckListViewModel.swift in Sources */ = {isa = PBXBuildFile; fileRef = BC10B19D2EC4E2D60067C14E /* CheckListViewModel.swift */; };
		BC10B2002EC4E2D60067C14E /* PropertyCard.swift in Sources */ = {isa = PBXBuildFile; fileRef = BC10B1A02EC4E2D60067C14E /* PropertyCard.swift */; };
		BC10B2012EC4E2D60067C14E /* RecentPropertyCard.swift in Sources */ = {isa = PBXBuildFile; fileRef = BC10B1A12EC4E2D60067C14E /* RecentPropertyCard.swift */; };
		BC10B2022EC4E2D60067C14E /* Property.swift in Sources */ = {isa = PBXBuildFile; fileRef = BC10B1A32EC4E2D60067C14E /* Property.swift */; };
		BC10B2032EC4E2D60067C14E /* RecentProperty.swift in Sources */ = {isa = PBXBuildFile; fileRef = BC10B1A42EC4E2D60067C14E /* RecentProperty.swift */; };
		BC10B2042EC4E2D60067C14E /* HomeCategorySectionView.swift in Sources */ = {isa = PBXBuildFile; fileRef = BC10B1A62EC4E2D60067C14E /* HomeCategorySectionView.swift */; };
		BC10B2052EC4E2D60067C14E /* HomeHeaderView.swift in Sources */ = {isa = PBXBuildFile; fileRef = BC10B1A72EC4E2D60067C14E /* HomeHeaderView.swift */; };
		BC10B2062EC4E2D60067C14E /* HomePopularSectionView.swift in Sources */ = {isa = PBXBuildFile; fileRef = BC10B1A82EC4E2D60067C14E /* HomePopularSectionView.swift */; };
		BC10B2072EC4E2D60067C14E /* HomeRecentSectionView.swift in Sources */ = {isa = PBXBuildFile; fileRef = BC10B1A92EC4E2D60067C14E /* HomeRecentSectionView.swift */; };
		BC10B2082EC4E2D60067C14E /* HomeView.swift in Sources */ = {isa = PBXBuildFile; fileRef = BC10B1AB2EC4E2D60067C14E /* HomeView.swift */; };
		BC10B2092EC4E2D60067C14E /* HomeViewModel.swift in Sources */ = {isa = PBXBuildFile; fileRef = BC10B1AC2EC4E2D60067C14E /* HomeViewModel.swift */; };
		BC10B20B2EC4E2D60067C14E /* AuthHeaderView.swift in Sources */ = {isa = PBXBuildFile; fileRef = BC10B1AF2EC4E2D60067C14E /* AuthHeaderView.swift */; };
		BC10B20C2EC4E2D60067C14E /* CustomSecureField.swift in Sources */ = {isa = PBXBuildFile; fileRef = BC10B1B02EC4E2D60067C14E /* CustomSecureField.swift */; };
		BC10B20D2EC4E2D60067C14E /* CustomTextField.swift in Sources */ = {isa = PBXBuildFile; fileRef = BC10B1B12EC4E2D60067C14E /* CustomTextField.swift */; };
		BC10B20E2EC4E2D60067C14E /* LoginView.swift in Sources */ = {isa = PBXBuildFile; fileRef = BC10B1B32EC4E2D60067C14E /* LoginView.swift */; };
		BC10B20F2EC4E2D60067C14E /* LoginViewModel.swift in Sources */ = {isa = PBXBuildFile; fileRef = BC10B1B42EC4E2D60067C14E /* LoginViewModel.swift */; };
		BC10B2102EC4E2D60067C14E /* MapView.swift in Sources */ = {isa = PBXBuildFile; fileRef = BC10B1B62EC4E2D60067C14E /* MapView.swift */; };
		BC10B2112EC4E2D60067C14E /* MapViewModel.swift in Sources */ = {isa = PBXBuildFile; fileRef = BC10B1B72EC4E2D60067C14E /* MapViewModel.swift */; };
		BC10B2122EC4E2D60067C14E /* UserInfo.swift in Sources */ = {isa = PBXBuildFile; fileRef = BC10B1B92EC4E2D60067C14E /* UserInfo.swift */; };
		BC10B2132EC4E2D60067C14E /* InfoRow.swift in Sources */ = {isa = PBXBuildFile; fileRef = BC10B1BB2EC4E2D60067C14E /* InfoRow.swift */; };
		BC10B2142EC4E2D60067C14E /* InfoSection.swift in Sources */ = {isa = PBXBuildFile; fileRef = BC10B1BC2EC4E2D60067C14E /* InfoSection.swift */; };
		BC10B2152EC4E2D60067C14E /* MyHeaderView.swift in Sources */ = {isa = PBXBuildFile; fileRef = BC10B1BD2EC4E2D60067C14E /* MyHeaderView.swift */; };
		BC10B2162EC4E2D60067C14E /* MyView.swift in Sources */ = {isa = PBXBuildFile; fileRef = BC10B1BE2EC4E2D60067C14E /* MyView.swift */; };
		BC10B2172EC4E2D60067C14E /* ProfileSection.swift in Sources */ = {isa = PBXBuildFile; fileRef = BC10B1BF2EC4E2D60067C14E /* ProfileSection.swift */; };
		BC10B2182EC4E2D60067C14E /* RecommendationBanner.swift in Sources */ = {isa = PBXBuildFile; fileRef = BC10B1C02EC4E2D60067C14E /* RecommendationBanner.swift */; };
		BC10B2192EC4E2D60067C14E /* StatCard.swift in Sources */ = {isa = PBXBuildFile; fileRef = BC10B1C12EC4E2D60067C14E /* StatCard.swift */; };
		BC10B21A2EC4E2D60067C14E /* StatisticsSection.swift in Sources */ = {isa = PBXBuildFile; fileRef = BC10B1C22EC4E2D60067C14E /* StatisticsSection.swift */; };
		BC10B21B2EC4E2D60067C14E /* MyViewModel.swift in Sources */ = {isa = PBXBuildFile; fileRef = BC10B1C42EC4E2D60067C14E /* MyViewModel.swift */; };
		BC10B21C2EC4E2D60067C14E /* SignUpView.swift in Sources */ = {isa = PBXBuildFile; fileRef = BC10B1C72EC4E2D60067C14E /* SignUpView.swift */; };
		BC10B21D2EC4E2D60067C14E /* SignUpViewModel.swift in Sources */ = {isa = PBXBuildFile; fileRef = BC10B1C82EC4E2D60067C14E /* SignUpViewModel.swift */; };
		BC10B21E2EC4E2D60067C14E /* SplashView.swift in Sources */ = {isa = PBXBuildFile; fileRef = BC10B1CA2EC4E2D60067C14E /* SplashView.swift */; };
		BC10B21F2EC4E2D60067C14E /* Color+Extensions.swift in Sources */ = {isa = PBXBuildFile; fileRef = BC10B1CD2EC4E2D60067C14E /* Color+Extensions.swift */; };
		BC10B2202EC4E2D60067C14E /* Date+Extensions.swift in Sources */ = {isa = PBXBuildFile; fileRef = BC10B1CE2EC4E2D60067C14E /* Date+Extensions.swift */; };
		BC10B2212EC4E2D60067C14E /* AuthAPI.swift in Sources */ = {isa = PBXBuildFile; fileRef = BC10B1D02EC4E2D60067C14E /* AuthAPI.swift */; };
		BC10B2222EC4E2D60067C14E /* ChecklistAPI.swift in Sources */ = {isa = PBXBuildFile; fileRef = BC10B1D22EC4E2D60067C14E /* ChecklistAPI.swift */; };
		BC10B2242EC4E2D60067C14E /* LoginDTO.swift in Sources */ = {isa = PBXBuildFile; fileRef = BC10B1D72EC4E2D60067C14E /* LoginDTO.swift */; };
		BC10B2252EC4E2D60067C14E /* ImagePicker.swift in Sources */ = {isa = PBXBuildFile; fileRef = BC10B1DB2EC4E2D60067C14E /* ImagePicker.swift */; };
		BC10B2262EC4E2D60067C14E /* Assets.xcassets in Resources */ = {isa = PBXBuildFile; fileRef = BC10B1DD2EC4E2D60067C14E /* Assets.xcassets */; };
		BC10B2282EC4E2D60067C14E /* AIGeneratedListView.swift in Resources */ = {isa = PBXBuildFile; fileRef = BC10B1852EC4E2D60067C14E /* AIGeneratedListView.swift */; };
		BC10B22A2EC4EC160067C14E /* PropertyService.swift in Sources */ = {isa = PBXBuildFile; fileRef = BC10B2292EC4EC080067C14E /* PropertyService.swift */; };
		BC10B2D12EC83CA30067C14E /* SavedView.swift in Sources */ = {isa = PBXBuildFile; fileRef = BC10B2D02EC83C990067C14E /* SavedView.swift */; };
		BC10B2D32EC83CAE0067C14E /* SavedViewModel.swift in Sources */ = {isa = PBXBuildFile; fileRef = BC10B2D22EC83CA60067C14E /* SavedViewModel.swift */; };
		BC10B2D92EC83DB40067C14E /* SavedPropertyCard.swift in Sources */ = {isa = PBXBuildFile; fileRef = BC10B2D82EC83DA60067C14E /* SavedPropertyCard.swift */; };
		BC10B2DD2EC83F1D0067C14E /* AddChecklistSavedView.swift in Sources */ = {isa = PBXBuildFile; fileRef = BC10B2DC2EC83EF10067C14E /* AddChecklistSavedView.swift */; };
		BC10B2E02EC83F5A0067C14E /* SelectablePropertyCard.swift in Sources */ = {isa = PBXBuildFile; fileRef = BC10B2DF2EC83F550067C14E /* SelectablePropertyCard.swift */; };
		BC10B2E22EC841FA0067C14E /* SavedHeaderView.swift in Sources */ = {isa = PBXBuildFile; fileRef = BC10B2E12EC841ED0067C14E /* SavedHeaderView.swift */; };
		BC10B2E52EC84D5F0067C14E /* SavedMdoel.swift in Sources */ = {isa = PBXBuildFile; fileRef = BC10B2E42EC84D5A0067C14E /* SavedMdoel.swift */; };
		BC10B2E72EC84F310067C14E /* ChecklistDTO.swift in Sources */ = {isa = PBXBuildFile; fileRef = BC10B2E62EC84F2C0067C14E /* ChecklistDTO.swift */; };
		BC10B2E92EC84FDC0067C14E /* ChecklistService.swift in Sources */ = {isa = PBXBuildFile; fileRef = BC10B2E82EC84FD30067C14E /* ChecklistService.swift */; };
		BC10B2EC2EC8528A0067C14E /* PropertyAPI.swift in Sources */ = {isa = PBXBuildFile; fileRef = BC10B2EB2EC852870067C14E /* PropertyAPI.swift */; };
		BCBF066B2ED601DE009ECE84 /* AnalyzeHeaderView.swift in Sources */ = {isa = PBXBuildFile; fileRef = BCBF066A2ED601DD009ECE84 /* AnalyzeHeaderView.swift */; };
		BCBF066D2ED601E9009ECE84 /* DocumentUploadCard.swift in Sources */ = {isa = PBXBuildFile; fileRef = BCBF066C2ED601E9009ECE84 /* DocumentUploadCard.swift */; };
		BCBF066F2ED601F0009ECE84 /* PropertyUploadCard.swift in Sources */ = {isa = PBXBuildFile; fileRef = BCBF066E2ED601EF009ECE84 /* PropertyUploadCard.swift */; };
		BCBF06712ED601F8009ECE84 /* AnalyzeButton.swift in Sources */ = {isa = PBXBuildFile; fileRef = BCBF06702ED601F7009ECE84 /* AnalyzeButton.swift */; };
		BCBF06742ED6D612009ECE84 /* PropertyUploadView.swift in Sources */ = {isa = PBXBuildFile; fileRef = BCBF06732ED6D611009ECE84 /* PropertyUploadView.swift */; };
		BCBF06772ED6D636009ECE84 /* PropertyUploadHeaderView.swift in Sources */ = {isa = PBXBuildFile; fileRef = BCBF06762ED6D635009ECE84 /* PropertyUploadHeaderView.swift */; };
		BCBF06792ED6D644009ECE84 /* PropertyUploadBottomButton.swift in Sources */ = {isa = PBXBuildFile; fileRef = BCBF06782ED6D644009ECE84 /* PropertyUploadBottomButton.swift */; };
		BCBF067B2ED6D656009ECE84 /* PropertyUploadLoadingView.swift in Sources */ = {isa = PBXBuildFile; fileRef = BCBF067A2ED6D655009ECE84 /* PropertyUploadLoadingView.swift */; };
		BCBF067D2ED6D6CD009ECE84 /* PropertyUploadErrorView.swift in Sources */ = {isa = PBXBuildFile; fileRef = BCBF067C2ED6D6CC009ECE84 /* PropertyUploadErrorView.swift */; };
		BCBF067F2ED6D6EF009ECE84 /* PropertyUploadEmptyView.swift in Sources */ = {isa = PBXBuildFile; fileRef = BCBF067E2ED6D6EE009ECE84 /* PropertyUploadEmptyView.swift */; };
		BCBF07252ED89586009ECE84 /* AnalyzeResultView.swift in Sources */ = {isa = PBXBuildFile; fileRef = BCBF07242ED89585009ECE84 /* AnalyzeResultView.swift */; };
		BCBF07272ED89674009ECE84 /* RiskDetail.swift in Sources */ = {isa = PBXBuildFile; fileRef = BCBF07262ED89673009ECE84 /* RiskDetail.swift */; };
		BCBF07292ED8970D009ECE84 /* RiskSolutionView.swift in Sources */ = {isa = PBXBuildFile; fileRef = BCBF07282ED8970C009ECE84 /* RiskSolutionView.swift */; };
		BCBF072B2ED89747009ECE84 /* ChecklistItem.swift in Sources */ = {isa = PBXBuildFile; fileRef = BCBF072A2ED89746009ECE84 /* ChecklistItem.swift */; };
		BCBF072D2ED899D1009ECE84 /* RiskSolutionCard.swift in Sources */ = {isa = PBXBuildFile; fileRef = BCBF072C2ED899D1009ECE84 /* RiskSolutionCard.swift */; };
		BCBF072F2ED899ED009ECE84 /* ResourceCard.swift in Sources */ = {isa = PBXBuildFile; fileRef = BCBF072E2ED899EC009ECE84 /* ResourceCard.swift */; };
		BCBF07322EDAE822009ECE84 /* AppleSignInStyledButton.swift in Sources */ = {isa = PBXBuildFile; fileRef = BCBF07312EDAE821009ECE84 /* AppleSignInStyledButton.swift */; };
		BCBF07DB2EE04E43009ECE84 /* AnalyzeDTO.swift in Sources */ = {isa = PBXBuildFile; fileRef = BCBF07DA2EE04E30009ECE84 /* AnalyzeDTO.swift */; };
		BCC987B82EC40456002AE0F8 /* CombineMoya in Frameworks */ = {isa = PBXBuildFile; productRef = BCC987B72EC40456002AE0F8 /* CombineMoya */; };
		BCC987BA2EC40456002AE0F8 /* Moya in Frameworks */ = {isa = PBXBuildFile; productRef = BCC987B92EC40456002AE0F8 /* Moya */; };
		BCC987BC2EC40456002AE0F8 /* ReactiveMoya in Frameworks */ = {isa = PBXBuildFile; productRef = BCC987BB2EC40456002AE0F8 /* ReactiveMoya */; };
		BCC987BE2EC40456002AE0F8 /* RxMoya in Frameworks */ = {isa = PBXBuildFile; productRef = BCC987BD2EC40456002AE0F8 /* RxMoya */; };
		BCF9E25E2ECCBD2F004FB229 /* PropertyDTO.swift in Sources */ = {isa = PBXBuildFile; fileRef = BCF9E25D2ECCBD28004FB229 /* PropertyDTO.swift */; };
/* End PBXBuildFile section */

/* Begin PBXContainerItemProxy section */
		BC3D52AB2EA37C4A00BD9E2B /* PBXContainerItemProxy */ = {
			isa = PBXContainerItemProxy;
			containerPortal = BC3D52952EA37C4800BD9E2B /* Project object */;
			proxyType = 1;
			remoteGlobalIDString = BC3D529C2EA37C4800BD9E2B;
			remoteInfo = JeepChak;
		};
		BC3D52B52EA37C4A00BD9E2B /* PBXContainerItemProxy */ = {
			isa = PBXContainerItemProxy;
			containerPortal = BC3D52952EA37C4800BD9E2B /* Project object */;
			proxyType = 1;
			remoteGlobalIDString = BC3D529C2EA37C4800BD9E2B;
			remoteInfo = JeepChak;
		};
/* End PBXContainerItemProxy section */

/* Begin PBXFileReference section */
		BC10B1782EC4E2D60067C14E /* AppState.swift */ = {isa = PBXFileReference; lastKnownFileType = sourcecode.swift; path = AppState.swift; sourceTree = "<group>"; };
		BC10B1792EC4E2D60067C14E /* JeepChakApp.swift */ = {isa = PBXFileReference; lastKnownFileType = sourcecode.swift; path = JeepChakApp.swift; sourceTree = "<group>"; };
		BC10B17A2EC4E2D60067C14E /* MainTabView.swift */ = {isa = PBXFileReference; lastKnownFileType = sourcecode.swift; path = MainTabView.swift; sourceTree = "<group>"; };
		BC10B17B2EC4E2D60067C14E /* RootView.swift */ = {isa = PBXFileReference; lastKnownFileType = sourcecode.swift; path = RootView.swift; sourceTree = "<group>"; };
		BC10B17D2EC4E2D60067C14E /* AnalyzeView.swift */ = {isa = PBXFileReference; lastKnownFileType = sourcecode.swift; path = AnalyzeView.swift; sourceTree = "<group>"; };
		BC10B17E2EC4E2D60067C14E /* AnalyzeViewModel.swift */ = {isa = PBXFileReference; lastKnownFileType = sourcecode.swift; path = AnalyzeViewModel.swift; sourceTree = "<group>"; };
		BC10B1802EC4E2D60067C14E /* AddCheckListView.swift */ = {isa = PBXFileReference; lastKnownFileType = sourcecode.swift; path = AddCheckListView.swift; sourceTree = "<group>"; };
		BC10B1812EC4E2D60067C14E /* AddCheckListViewModel.swift */ = {isa = PBXFileReference; lastKnownFileType = sourcecode.swift; path = AddCheckListViewModel.swift; sourceTree = "<group>"; };
		BC10B1822EC4E2D60067C14E /* CheckListTextField.swift */ = {isa = PBXFileReference; lastKnownFileType = sourcecode.swift; path = CheckListTextField.swift; sourceTree = "<group>"; };
		BC10B1842EC4E2D60067C14E /* AddChecklistSheet.swift */ = {isa = PBXFileReference; lastKnownFileType = sourcecode.swift; path = AddChecklistSheet.swift; sourceTree = "<group>"; };
		BC10B1852EC4E2D60067C14E /* AIGeneratedListView.swift */ = {isa = PBXFileReference; lastKnownFileType = sourcecode.swift; path = AIGeneratedListView.swift; sourceTree = "<group>"; };
		BC10B1862EC4E2D60067C14E /* AILoadingView.swift */ = {isa = PBXFileReference; lastKnownFileType = sourcecode.swift; path = AILoadingView.swift; sourceTree = "<group>"; };
		BC10B1872EC4E2D60067C14E /* AIResultView.swift */ = {isa = PBXFileReference; lastKnownFileType = sourcecode.swift; path = AIResultView.swift; sourceTree = "<group>"; };
		BC10B1892EC4E2D60067C14E /* AddCheckListItem.swift */ = {isa = PBXFileReference; lastKnownFileType = sourcecode.swift; path = AddCheckListItem.swift; sourceTree = "<group>"; };
		BC10B18A2EC4E2D60067C14E /* AICheckItem.swift */ = {isa = PBXFileReference; lastKnownFileType = sourcecode.swift; path = AICheckItem.swift; sourceTree = "<group>"; };
		BC10B18B2EC4E2D60067C14E /* CheckItem.swift */ = {isa = PBXFileReference; lastKnownFileType = sourcecode.swift; path = CheckItem.swift; sourceTree = "<group>"; };
		BC10B18C2EC4E2D60067C14E /* DetailItem.swift */ = {isa = PBXFileReference; lastKnownFileType = sourcecode.swift; path = DetailItem.swift; sourceTree = "<group>"; };
		BC10B18E2EC4E2D60067C14E /* AddCheckItemSheet.swift */ = {isa = PBXFileReference; lastKnownFileType = sourcecode.swift; path = AddCheckItemSheet.swift; sourceTree = "<group>"; };
		BC10B18F2EC4E2D60067C14E /* CheckListDetailHeaderView.swift */ = {isa = PBXFileReference; lastKnownFileType = sourcecode.swift; path = CheckListDetailHeaderView.swift; sourceTree = "<group>"; };
		BC10B1902EC4E2D60067C14E /* CheckListFinalHeaderView.swift */ = {isa = PBXFileReference; lastKnownFileType = sourcecode.swift; path = CheckListFinalHeaderView.swift; sourceTree = "<group>"; };
		BC10B1912EC4E2D60067C14E /* CheckListHeaderView.swift */ = {isa = PBXFileReference; lastKnownFileType = sourcecode.swift; path = CheckListHeaderView.swift; sourceTree = "<group>"; };
		BC10B1922EC4E2D60067C14E /* StatusButtonView.swift */ = {isa = PBXFileReference; lastKnownFileType = sourcecode.swift; path = StatusButtonView.swift; sourceTree = "<group>"; };
		BC10B1932EC4E2D60067C14E /* StatusIndicatorView.swift */ = {isa = PBXFileReference; lastKnownFileType = sourcecode.swift; path = StatusIndicatorView.swift; sourceTree = "<group>"; };
		BC10B1952EC4E2D60067C14E /* CheckListDetailView.swift */ = {isa = PBXFileReference; lastKnownFileType = sourcecode.swift; path = CheckListDetailView.swift; sourceTree = "<group>"; };
		BC10B1962EC4E2D60067C14E /* CheckListEmptyView.swift */ = {isa = PBXFileReference; lastKnownFileType = sourcecode.swift; path = CheckListEmptyView.swift; sourceTree = "<group>"; };
		BC10B1972EC4E2D60067C14E /* CheckListFinalView.swift */ = {isa = PBXFileReference; lastKnownFileType = sourcecode.swift; path = CheckListFinalView.swift; sourceTree = "<group>"; };
		BC10B1982EC4E2D60067C14E /* CheckListGridView.swift */ = {isa = PBXFileReference; lastKnownFileType = sourcecode.swift; path = CheckListGridView.swift; sourceTree = "<group>"; };
		BC10B1992EC4E2D60067C14E /* CheckListView.swift */ = {isa = PBXFileReference; lastKnownFileType = sourcecode.swift; path = CheckListView.swift; sourceTree = "<group>"; };
		BC10B19B2EC4E2D60067C14E /* CheckListDetailViewModel.swift */ = {isa = PBXFileReference; lastKnownFileType = sourcecode.swift; path = CheckListDetailViewModel.swift; sourceTree = "<group>"; };
		BC10B19C2EC4E2D60067C14E /* CheckListFinalViewModel.swift */ = {isa = PBXFileReference; lastKnownFileType = sourcecode.swift; path = CheckListFinalViewModel.swift; sourceTree = "<group>"; };
		BC10B19D2EC4E2D60067C14E /* CheckListViewModel.swift */ = {isa = PBXFileReference; lastKnownFileType = sourcecode.swift; path = CheckListViewModel.swift; sourceTree = "<group>"; };
		BC10B1A02EC4E2D60067C14E /* PropertyCard.swift */ = {isa = PBXFileReference; lastKnownFileType = sourcecode.swift; path = PropertyCard.swift; sourceTree = "<group>"; };
		BC10B1A12EC4E2D60067C14E /* RecentPropertyCard.swift */ = {isa = PBXFileReference; lastKnownFileType = sourcecode.swift; path = RecentPropertyCard.swift; sourceTree = "<group>"; };
		BC10B1A32EC4E2D60067C14E /* Property.swift */ = {isa = PBXFileReference; lastKnownFileType = sourcecode.swift; path = Property.swift; sourceTree = "<group>"; };
		BC10B1A42EC4E2D60067C14E /* RecentProperty.swift */ = {isa = PBXFileReference; lastKnownFileType = sourcecode.swift; path = RecentProperty.swift; sourceTree = "<group>"; };
		BC10B1A62EC4E2D60067C14E /* HomeCategorySectionView.swift */ = {isa = PBXFileReference; lastKnownFileType = sourcecode.swift; path = HomeCategorySectionView.swift; sourceTree = "<group>"; };
		BC10B1A72EC4E2D60067C14E /* HomeHeaderView.swift */ = {isa = PBXFileReference; lastKnownFileType = sourcecode.swift; path = HomeHeaderView.swift; sourceTree = "<group>"; };
		BC10B1A82EC4E2D60067C14E /* HomePopularSectionView.swift */ = {isa = PBXFileReference; lastKnownFileType = sourcecode.swift; path = HomePopularSectionView.swift; sourceTree = "<group>"; };
		BC10B1A92EC4E2D60067C14E /* HomeRecentSectionView.swift */ = {isa = PBXFileReference; lastKnownFileType = sourcecode.swift; path = HomeRecentSectionView.swift; sourceTree = "<group>"; };
		BC10B1AB2EC4E2D60067C14E /* HomeView.swift */ = {isa = PBXFileReference; lastKnownFileType = sourcecode.swift; path = HomeView.swift; sourceTree = "<group>"; };
		BC10B1AC2EC4E2D60067C14E /* HomeViewModel.swift */ = {isa = PBXFileReference; lastKnownFileType = sourcecode.swift; path = HomeViewModel.swift; sourceTree = "<group>"; };
		BC10B1AF2EC4E2D60067C14E /* AuthHeaderView.swift */ = {isa = PBXFileReference; lastKnownFileType = sourcecode.swift; path = AuthHeaderView.swift; sourceTree = "<group>"; };
		BC10B1B02EC4E2D60067C14E /* CustomSecureField.swift */ = {isa = PBXFileReference; lastKnownFileType = sourcecode.swift; path = CustomSecureField.swift; sourceTree = "<group>"; };
		BC10B1B12EC4E2D60067C14E /* CustomTextField.swift */ = {isa = PBXFileReference; lastKnownFileType = sourcecode.swift; path = CustomTextField.swift; sourceTree = "<group>"; };
		BC10B1B32EC4E2D60067C14E /* LoginView.swift */ = {isa = PBXFileReference; lastKnownFileType = sourcecode.swift; path = LoginView.swift; sourceTree = "<group>"; };
		BC10B1B42EC4E2D60067C14E /* LoginViewModel.swift */ = {isa = PBXFileReference; lastKnownFileType = sourcecode.swift; path = LoginViewModel.swift; sourceTree = "<group>"; };
		BC10B1B62EC4E2D60067C14E /* MapView.swift */ = {isa = PBXFileReference; lastKnownFileType = sourcecode.swift; path = MapView.swift; sourceTree = "<group>"; };
		BC10B1B72EC4E2D60067C14E /* MapViewModel.swift */ = {isa = PBXFileReference; lastKnownFileType = sourcecode.swift; path = MapViewModel.swift; sourceTree = "<group>"; };
		BC10B1B92EC4E2D60067C14E /* UserInfo.swift */ = {isa = PBXFileReference; lastKnownFileType = sourcecode.swift; path = UserInfo.swift; sourceTree = "<group>"; };
		BC10B1BB2EC4E2D60067C14E /* InfoRow.swift */ = {isa = PBXFileReference; lastKnownFileType = sourcecode.swift; path = InfoRow.swift; sourceTree = "<group>"; };
		BC10B1BC2EC4E2D60067C14E /* InfoSection.swift */ = {isa = PBXFileReference; lastKnownFileType = sourcecode.swift; path = InfoSection.swift; sourceTree = "<group>"; };
		BC10B1BD2EC4E2D60067C14E /* MyHeaderView.swift */ = {isa = PBXFileReference; lastKnownFileType = sourcecode.swift; path = MyHeaderView.swift; sourceTree = "<group>"; };
		BC10B1BE2EC4E2D60067C14E /* MyView.swift */ = {isa = PBXFileReference; lastKnownFileType = sourcecode.swift; path = MyView.swift; sourceTree = "<group>"; };
		BC10B1BF2EC4E2D60067C14E /* ProfileSection.swift */ = {isa = PBXFileReference; lastKnownFileType = sourcecode.swift; path = ProfileSection.swift; sourceTree = "<group>"; };
		BC10B1C02EC4E2D60067C14E /* RecommendationBanner.swift */ = {isa = PBXFileReference; lastKnownFileType = sourcecode.swift; path = RecommendationBanner.swift; sourceTree = "<group>"; };
		BC10B1C12EC4E2D60067C14E /* StatCard.swift */ = {isa = PBXFileReference; lastKnownFileType = sourcecode.swift; path = StatCard.swift; sourceTree = "<group>"; };
		BC10B1C22EC4E2D60067C14E /* StatisticsSection.swift */ = {isa = PBXFileReference; lastKnownFileType = sourcecode.swift; path = StatisticsSection.swift; sourceTree = "<group>"; };
		BC10B1C42EC4E2D60067C14E /* MyViewModel.swift */ = {isa = PBXFileReference; lastKnownFileType = sourcecode.swift; path = MyViewModel.swift; sourceTree = "<group>"; };
		BC10B1C72EC4E2D60067C14E /* SignUpView.swift */ = {isa = PBXFileReference; lastKnownFileType = sourcecode.swift; path = SignUpView.swift; sourceTree = "<group>"; };
		BC10B1C82EC4E2D60067C14E /* SignUpViewModel.swift */ = {isa = PBXFileReference; lastKnownFileType = sourcecode.swift; path = SignUpViewModel.swift; sourceTree = "<group>"; };
		BC10B1CA2EC4E2D60067C14E /* SplashView.swift */ = {isa = PBXFileReference; lastKnownFileType = sourcecode.swift; path = SplashView.swift; sourceTree = "<group>"; };
		BC10B1CD2EC4E2D60067C14E /* Color+Extensions.swift */ = {isa = PBXFileReference; lastKnownFileType = sourcecode.swift; path = "Color+Extensions.swift"; sourceTree = "<group>"; };
		BC10B1CE2EC4E2D60067C14E /* Date+Extensions.swift */ = {isa = PBXFileReference; lastKnownFileType = sourcecode.swift; path = "Date+Extensions.swift"; sourceTree = "<group>"; };
		BC10B1D02EC4E2D60067C14E /* AuthAPI.swift */ = {isa = PBXFileReference; lastKnownFileType = sourcecode.swift; path = AuthAPI.swift; sourceTree = "<group>"; };
		BC10B1D22EC4E2D60067C14E /* ChecklistAPI.swift */ = {isa = PBXFileReference; lastKnownFileType = sourcecode.swift; path = ChecklistAPI.swift; sourceTree = "<group>"; };
		BC10B1D72EC4E2D60067C14E /* LoginDTO.swift */ = {isa = PBXFileReference; lastKnownFileType = sourcecode.swift; path = LoginDTO.swift; sourceTree = "<group>"; };
		BC10B1DB2EC4E2D60067C14E /* ImagePicker.swift */ = {isa = PBXFileReference; lastKnownFileType = sourcecode.swift; path = ImagePicker.swift; sourceTree = "<group>"; };
		BC10B1DD2EC4E2D60067C14E /* Assets.xcassets */ = {isa = PBXFileReference; lastKnownFileType = folder.assetcatalog; path = Assets.xcassets; sourceTree = "<group>"; };
		BC10B1DE2EC4E2D60067C14E /* Info.plist */ = {isa = PBXFileReference; lastKnownFileType = text.plist.xml; path = Info.plist; sourceTree = "<group>"; };
		BC10B1DF2EC4E2D60067C14E /* JeepChak.entitlements */ = {isa = PBXFileReference; lastKnownFileType = text.plist.entitlements; path = JeepChak.entitlements; sourceTree = "<group>"; };
		BC10B2292EC4EC080067C14E /* PropertyService.swift */ = {isa = PBXFileReference; lastKnownFileType = sourcecode.swift; path = PropertyService.swift; sourceTree = "<group>"; };
		BC10B2D02EC83C990067C14E /* SavedView.swift */ = {isa = PBXFileReference; lastKnownFileType = sourcecode.swift; path = SavedView.swift; sourceTree = "<group>"; };
		BC10B2D22EC83CA60067C14E /* SavedViewModel.swift */ = {isa = PBXFileReference; lastKnownFileType = sourcecode.swift; path = SavedViewModel.swift; sourceTree = "<group>"; };
		BC10B2D82EC83DA60067C14E /* SavedPropertyCard.swift */ = {isa = PBXFileReference; lastKnownFileType = sourcecode.swift; path = SavedPropertyCard.swift; sourceTree = "<group>"; };
		BC10B2DC2EC83EF10067C14E /* AddChecklistSavedView.swift */ = {isa = PBXFileReference; lastKnownFileType = sourcecode.swift; path = AddChecklistSavedView.swift; sourceTree = "<group>"; };
		BC10B2DF2EC83F550067C14E /* SelectablePropertyCard.swift */ = {isa = PBXFileReference; lastKnownFileType = sourcecode.swift; path = SelectablePropertyCard.swift; sourceTree = "<group>"; };
		BC10B2E12EC841ED0067C14E /* SavedHeaderView.swift */ = {isa = PBXFileReference; lastKnownFileType = sourcecode.swift; path = SavedHeaderView.swift; sourceTree = "<group>"; };
		BC10B2E42EC84D5A0067C14E /* SavedMdoel.swift */ = {isa = PBXFileReference; lastKnownFileType = sourcecode.swift; path = SavedMdoel.swift; sourceTree = "<group>"; };
		BC10B2E62EC84F2C0067C14E /* ChecklistDTO.swift */ = {isa = PBXFileReference; lastKnownFileType = sourcecode.swift; path = ChecklistDTO.swift; sourceTree = "<group>"; };
		BC10B2E82EC84FD30067C14E /* ChecklistService.swift */ = {isa = PBXFileReference; lastKnownFileType = sourcecode.swift; path = ChecklistService.swift; sourceTree = "<group>"; };
		BC10B2EB2EC852870067C14E /* PropertyAPI.swift */ = {isa = PBXFileReference; lastKnownFileType = sourcecode.swift; path = PropertyAPI.swift; sourceTree = "<group>"; };
		BC3D529D2EA37C4800BD9E2B /* JeepChak.app */ = {isa = PBXFileReference; explicitFileType = wrapper.application; includeInIndex = 0; path = JeepChak.app; sourceTree = BUILT_PRODUCTS_DIR; };
		BC3D52AA2EA37C4A00BD9E2B /* JeepChakTests.xctest */ = {isa = PBXFileReference; explicitFileType = wrapper.cfbundle; includeInIndex = 0; path = JeepChakTests.xctest; sourceTree = BUILT_PRODUCTS_DIR; };
		BC3D52B42EA37C4A00BD9E2B /* JeepChakUITests.xctest */ = {isa = PBXFileReference; explicitFileType = wrapper.cfbundle; includeInIndex = 0; path = JeepChakUITests.xctest; sourceTree = BUILT_PRODUCTS_DIR; };
		BCBF066A2ED601DD009ECE84 /* AnalyzeHeaderView.swift */ = {isa = PBXFileReference; lastKnownFileType = sourcecode.swift; path = AnalyzeHeaderView.swift; sourceTree = "<group>"; };
		BCBF066C2ED601E9009ECE84 /* DocumentUploadCard.swift */ = {isa = PBXFileReference; lastKnownFileType = sourcecode.swift; path = DocumentUploadCard.swift; sourceTree = "<group>"; };
		BCBF066E2ED601EF009ECE84 /* PropertyUploadCard.swift */ = {isa = PBXFileReference; lastKnownFileType = sourcecode.swift; path = PropertyUploadCard.swift; sourceTree = "<group>"; };
		BCBF06702ED601F7009ECE84 /* AnalyzeButton.swift */ = {isa = PBXFileReference; lastKnownFileType = sourcecode.swift; path = AnalyzeButton.swift; sourceTree = "<group>"; };
		BCBF06732ED6D611009ECE84 /* PropertyUploadView.swift */ = {isa = PBXFileReference; lastKnownFileType = sourcecode.swift; path = PropertyUploadView.swift; sourceTree = "<group>"; };
		BCBF06762ED6D635009ECE84 /* PropertyUploadHeaderView.swift */ = {isa = PBXFileReference; lastKnownFileType = sourcecode.swift; path = PropertyUploadHeaderView.swift; sourceTree = "<group>"; };
		BCBF06782ED6D644009ECE84 /* PropertyUploadBottomButton.swift */ = {isa = PBXFileReference; lastKnownFileType = sourcecode.swift; path = PropertyUploadBottomButton.swift; sourceTree = "<group>"; };
		BCBF067A2ED6D655009ECE84 /* PropertyUploadLoadingView.swift */ = {isa = PBXFileReference; lastKnownFileType = sourcecode.swift; path = PropertyUploadLoadingView.swift; sourceTree = "<group>"; };
		BCBF067C2ED6D6CC009ECE84 /* PropertyUploadErrorView.swift */ = {isa = PBXFileReference; lastKnownFileType = sourcecode.swift; path = PropertyUploadErrorView.swift; sourceTree = "<group>"; };
		BCBF067E2ED6D6EE009ECE84 /* PropertyUploadEmptyView.swift */ = {isa = PBXFileReference; lastKnownFileType = sourcecode.swift; path = PropertyUploadEmptyView.swift; sourceTree = "<group>"; };
		BCBF07242ED89585009ECE84 /* AnalyzeResultView.swift */ = {isa = PBXFileReference; lastKnownFileType = sourcecode.swift; path = AnalyzeResultView.swift; sourceTree = "<group>"; };
		BCBF07262ED89673009ECE84 /* RiskDetail.swift */ = {isa = PBXFileReference; lastKnownFileType = sourcecode.swift; path = RiskDetail.swift; sourceTree = "<group>"; };
		BCBF07282ED8970C009ECE84 /* RiskSolutionView.swift */ = {isa = PBXFileReference; lastKnownFileType = sourcecode.swift; path = RiskSolutionView.swift; sourceTree = "<group>"; };
		BCBF072A2ED89746009ECE84 /* ChecklistItem.swift */ = {isa = PBXFileReference; lastKnownFileType = sourcecode.swift; path = ChecklistItem.swift; sourceTree = "<group>"; };
		BCBF072C2ED899D1009ECE84 /* RiskSolutionCard.swift */ = {isa = PBXFileReference; lastKnownFileType = sourcecode.swift; path = RiskSolutionCard.swift; sourceTree = "<group>"; };
		BCBF072E2ED899EC009ECE84 /* ResourceCard.swift */ = {isa = PBXFileReference; lastKnownFileType = sourcecode.swift; path = ResourceCard.swift; sourceTree = "<group>"; };
		BCBF07312EDAE821009ECE84 /* AppleSignInStyledButton.swift */ = {isa = PBXFileReference; lastKnownFileType = sourcecode.swift; path = AppleSignInStyledButton.swift; sourceTree = "<group>"; };
		BCBF07DA2EE04E30009ECE84 /* AnalyzeDTO.swift */ = {isa = PBXFileReference; lastKnownFileType = sourcecode.swift; path = AnalyzeDTO.swift; sourceTree = "<group>"; };
		BCF9E25D2ECCBD28004FB229 /* PropertyDTO.swift */ = {isa = PBXFileReference; lastKnownFileType = sourcecode.swift; path = PropertyDTO.swift; sourceTree = "<group>"; };
/* End PBXFileReference section */

/* Begin PBXFileSystemSynchronizedRootGroup section */
		BC3D52AD2EA37C4A00BD9E2B /* JeepChakTests */ = {
			isa = PBXFileSystemSynchronizedRootGroup;
			path = JeepChakTests;
			sourceTree = "<group>";
		};
		BC3D52B72EA37C4A00BD9E2B /* JeepChakUITests */ = {
			isa = PBXFileSystemSynchronizedRootGroup;
			path = JeepChakUITests;
			sourceTree = "<group>";
		};
/* End PBXFileSystemSynchronizedRootGroup section */

/* Begin PBXFrameworksBuildPhase section */
		BC3D529A2EA37C4800BD9E2B /* Frameworks */ = {
			isa = PBXFrameworksBuildPhase;
			buildActionMask = 2147483647;
			files = (
				BCC987BA2EC40456002AE0F8 /* Moya in Frameworks */,
				BCC987B82EC40456002AE0F8 /* CombineMoya in Frameworks */,
				BCC987BE2EC40456002AE0F8 /* RxMoya in Frameworks */,
				BCC987BC2EC40456002AE0F8 /* ReactiveMoya in Frameworks */,
			);
			runOnlyForDeploymentPostprocessing = 0;
		};
		BC3D52A72EA37C4A00BD9E2B /* Frameworks */ = {
			isa = PBXFrameworksBuildPhase;
			buildActionMask = 2147483647;
			files = (
			);
			runOnlyForDeploymentPostprocessing = 0;
		};
		BC3D52B12EA37C4A00BD9E2B /* Frameworks */ = {
			isa = PBXFrameworksBuildPhase;
			buildActionMask = 2147483647;
			files = (
			);
			runOnlyForDeploymentPostprocessing = 0;
		};
/* End PBXFrameworksBuildPhase section */

/* Begin PBXGroup section */
		BC10B17C2EC4E2D60067C14E /* App */ = {
			isa = PBXGroup;
			children = (
				BC10B1782EC4E2D60067C14E /* AppState.swift */,
				BC10B1792EC4E2D60067C14E /* JeepChakApp.swift */,
				BC10B17A2EC4E2D60067C14E /* MainTabView.swift */,
				BC10B17B2EC4E2D60067C14E /* RootView.swift */,
			);
			path = App;
			sourceTree = "<group>";
		};
		BC10B17F2EC4E2D60067C14E /* Analyze */ = {
			isa = PBXGroup;
			children = (
				BCBF06692ED60160009ECE84 /* Components */,
				BCBF07242ED89585009ECE84 /* AnalyzeResultView.swift */,
				BC10B17D2EC4E2D60067C14E /* AnalyzeView.swift */,
				BC10B17E2EC4E2D60067C14E /* AnalyzeViewModel.swift */,
				BCBF07282ED8970C009ECE84 /* RiskSolutionView.swift */,
			);
			path = Analyze;
			sourceTree = "<group>";
		};
		BC10B1832EC4E2D60067C14E /* AddCheckList */ = {
			isa = PBXGroup;
			children = (
				BC10B2DE2EC83F4D0067C14E /* Components */,
				BC10B2DC2EC83EF10067C14E /* AddChecklistSavedView.swift */,
				BC10B1802EC4E2D60067C14E /* AddCheckListView.swift */,
				BC10B1812EC4E2D60067C14E /* AddCheckListViewModel.swift */,
			);
			path = AddCheckList;
			sourceTree = "<group>";
		};
		BC10B1882EC4E2D60067C14E /* AIView */ = {
			isa = PBXGroup;
			children = (
				BC10B1842EC4E2D60067C14E /* AddChecklistSheet.swift */,
				BC10B1852EC4E2D60067C14E /* AIGeneratedListView.swift */,
				BC10B1862EC4E2D60067C14E /* AILoadingView.swift */,
				BC10B1872EC4E2D60067C14E /* AIResultView.swift */,
			);
			path = AIView;
			sourceTree = "<group>";
		};
		BC10B18D2EC4E2D60067C14E /* Model */ = {
			isa = PBXGroup;
			children = (
				BC10B1892EC4E2D60067C14E /* AddCheckListItem.swift */,
				BC10B18A2EC4E2D60067C14E /* AICheckItem.swift */,
				BC10B18B2EC4E2D60067C14E /* CheckItem.swift */,
				BC10B18C2EC4E2D60067C14E /* DetailItem.swift */,
			);
			path = Model;
			sourceTree = "<group>";
		};
		BC10B1942EC4E2D60067C14E /* Components */ = {
			isa = PBXGroup;
			children = (
				BC10B18E2EC4E2D60067C14E /* AddCheckItemSheet.swift */,
				BC10B18F2EC4E2D60067C14E /* CheckListDetailHeaderView.swift */,
				BC10B1902EC4E2D60067C14E /* CheckListFinalHeaderView.swift */,
				BC10B1912EC4E2D60067C14E /* CheckListHeaderView.swift */,
				BC10B1922EC4E2D60067C14E /* StatusButtonView.swift */,
				BC10B1932EC4E2D60067C14E /* StatusIndicatorView.swift */,
			);
			path = Components;
			sourceTree = "<group>";
		};
		BC10B19A2EC4E2D60067C14E /* View */ = {
			isa = PBXGroup;
			children = (
				BC10B1942EC4E2D60067C14E /* Components */,
				BC10B1952EC4E2D60067C14E /* CheckListDetailView.swift */,
				BC10B1962EC4E2D60067C14E /* CheckListEmptyView.swift */,
				BC10B1972EC4E2D60067C14E /* CheckListFinalView.swift */,
				BC10B1982EC4E2D60067C14E /* CheckListGridView.swift */,
				BC10B1992EC4E2D60067C14E /* CheckListView.swift */,
			);
			path = View;
			sourceTree = "<group>";
		};
		BC10B19E2EC4E2D60067C14E /* ViewModel */ = {
			isa = PBXGroup;
			children = (
				BC10B19B2EC4E2D60067C14E /* CheckListDetailViewModel.swift */,
				BC10B19C2EC4E2D60067C14E /* CheckListFinalViewModel.swift */,
				BC10B19D2EC4E2D60067C14E /* CheckListViewModel.swift */,
			);
			path = ViewModel;
			sourceTree = "<group>";
		};
		BC10B19F2EC4E2D60067C14E /* CheckList */ = {
			isa = PBXGroup;
			children = (
				BC10B1832EC4E2D60067C14E /* AddCheckList */,
				BC10B1882EC4E2D60067C14E /* AIView */,
				BC10B18D2EC4E2D60067C14E /* Model */,
				BC10B19A2EC4E2D60067C14E /* View */,
				BC10B19E2EC4E2D60067C14E /* ViewModel */,
			);
			path = CheckList;
			sourceTree = "<group>";
		};
		BC10B1A22EC4E2D60067C14E /* Components */ = {
			isa = PBXGroup;
			children = (
				BC10B1A02EC4E2D60067C14E /* PropertyCard.swift */,
				BC10B1A12EC4E2D60067C14E /* RecentPropertyCard.swift */,
			);
			path = Components;
			sourceTree = "<group>";
		};
		BC10B1A52EC4E2D60067C14E /* Model */ = {
			isa = PBXGroup;
			children = (
				BC10B1A32EC4E2D60067C14E /* Property.swift */,
				BC10B1A42EC4E2D60067C14E /* RecentProperty.swift */,
			);
			path = Model;
			sourceTree = "<group>";
		};
		BC10B1AA2EC4E2D60067C14E /* View */ = {
			isa = PBXGroup;
			children = (
				BC10B1A62EC4E2D60067C14E /* HomeCategorySectionView.swift */,
				BC10B1A72EC4E2D60067C14E /* HomeHeaderView.swift */,
				BC10B1A82EC4E2D60067C14E /* HomePopularSectionView.swift */,
				BC10B1A92EC4E2D60067C14E /* HomeRecentSectionView.swift */,
			);
			path = View;
			sourceTree = "<group>";
		};
		BC10B1AD2EC4E2D60067C14E /* Home */ = {
			isa = PBXGroup;
			children = (
				BC10B1A22EC4E2D60067C14E /* Components */,
				BC10B1A52EC4E2D60067C14E /* Model */,
				BC10B1AA2EC4E2D60067C14E /* View */,
				BC10B1AB2EC4E2D60067C14E /* HomeView.swift */,
				BC10B1AC2EC4E2D60067C14E /* HomeViewModel.swift */,
			);
			path = Home;
			sourceTree = "<group>";
		};
		BC10B1B22EC4E2D60067C14E /* components */ = {
			isa = PBXGroup;
			children = (
				BCBF07312EDAE821009ECE84 /* AppleSignInStyledButton.swift */,
				BC10B1AF2EC4E2D60067C14E /* AuthHeaderView.swift */,
				BC10B1B02EC4E2D60067C14E /* CustomSecureField.swift */,
				BC10B1B12EC4E2D60067C14E /* CustomTextField.swift */,
			);
			path = components;
			sourceTree = "<group>";
		};
		BC10B1B52EC4E2D60067C14E /* Login */ = {
			isa = PBXGroup;
			children = (
				BC10B1B22EC4E2D60067C14E /* components */,
				BC10B1B32EC4E2D60067C14E /* LoginView.swift */,
				BC10B1B42EC4E2D60067C14E /* LoginViewModel.swift */,
			);
			path = Login;
			sourceTree = "<group>";
		};
		BC10B1B82EC4E2D60067C14E /* Map */ = {
			isa = PBXGroup;
			children = (
				BC10B1B62EC4E2D60067C14E /* MapView.swift */,
				BC10B1B72EC4E2D60067C14E /* MapViewModel.swift */,
			);
			path = Map;
			sourceTree = "<group>";
		};
		BC10B1BA2EC4E2D60067C14E /* Model */ = {
			isa = PBXGroup;
			children = (
				BC10B1B92EC4E2D60067C14E /* UserInfo.swift */,
			);
			path = Model;
			sourceTree = "<group>";
		};
		BC10B1C32EC4E2D60067C14E /* View */ = {
			isa = PBXGroup;
			children = (
				BCBF07302EDADD97009ECE84 /* Conponents */,
				BC10B1BE2EC4E2D60067C14E /* MyView.swift */,
				BC10B1C42EC4E2D60067C14E /* MyViewModel.swift */,
			);
			path = View;
			sourceTree = "<group>";
		};
		BC10B1C62EC4E2D60067C14E /* My */ = {
			isa = PBXGroup;
			children = (
				BC10B1BA2EC4E2D60067C14E /* Model */,
				BC10B1C32EC4E2D60067C14E /* View */,
			);
			path = My;
			sourceTree = "<group>";
		};
		BC10B1C92EC4E2D60067C14E /* SignUp */ = {
			isa = PBXGroup;
			children = (
				BC10B1C72EC4E2D60067C14E /* SignUpView.swift */,
				BC10B1C82EC4E2D60067C14E /* SignUpViewModel.swift */,
			);
			path = SignUp;
			sourceTree = "<group>";
		};
		BC10B1CB2EC4E2D60067C14E /* Splash */ = {
			isa = PBXGroup;
			children = (
				BC10B1CA2EC4E2D60067C14E /* SplashView.swift */,
			);
			path = Splash;
			sourceTree = "<group>";
		};
		BC10B1CC2EC4E2D60067C14E /* Feature */ = {
			isa = PBXGroup;
			children = (
				BCBF06722ED6D5DD009ECE84 /* Property */,
				BC10B2CF2EC83C0C0067C14E /* Saved */,
				BC10B17F2EC4E2D60067C14E /* Analyze */,
				BC10B19F2EC4E2D60067C14E /* CheckList */,
				BC10B1AD2EC4E2D60067C14E /* Home */,
				BC10B1B52EC4E2D60067C14E /* Login */,
				BC10B1B82EC4E2D60067C14E /* Map */,
				BC10B1C62EC4E2D60067C14E /* My */,
				BC10B1C92EC4E2D60067C14E /* SignUp */,
				BC10B1CB2EC4E2D60067C14E /* Splash */,
			);
			path = Feature;
			sourceTree = "<group>";
		};
		BC10B1CF2EC4E2D60067C14E /* Extension */ = {
			isa = PBXGroup;
			children = (
				BC10B1CD2EC4E2D60067C14E /* Color+Extensions.swift */,
				BC10B1CE2EC4E2D60067C14E /* Date+Extensions.swift */,
			);
			path = Extension;
			sourceTree = "<group>";
		};
		BC10B1D12EC4E2D60067C14E /* Auth */ = {
			isa = PBXGroup;
			children = (
				BC10B1D02EC4E2D60067C14E /* AuthAPI.swift */,
			);
			path = Auth;
			sourceTree = "<group>";
		};
		BC10B1D32EC4E2D60067C14E /* Checklist */ = {
			isa = PBXGroup;
			children = (
				BC10B1D22EC4E2D60067C14E /* ChecklistAPI.swift */,
			);
			path = Checklist;
			sourceTree = "<group>";
		};
		BC10B1D42EC4E2D60067C14E /* API */ = {
			isa = PBXGroup;
			children = (
				BCBF07D92EE04E18009ECE84 /* DTO */,
				BC10B2EA2EC8527E0067C14E /* Property */,
				BC10B1D12EC4E2D60067C14E /* Auth */,
				BC10B1D32EC4E2D60067C14E /* Checklist */,
			);
			path = API;
			sourceTree = "<group>";
		};
		BC10B1D82EC4E2D60067C14E /* Service */ = {
			isa = PBXGroup;
			children = (
				BC10B2E82EC84FD30067C14E /* ChecklistService.swift */,
				BC10B2292EC4EC080067C14E /* PropertyService.swift */,
			);
			path = Service;
			sourceTree = "<group>";
		};
		BC10B1D92EC4E2D60067C14E /* Network */ = {
			isa = PBXGroup;
			children = (
				BC10B1D42EC4E2D60067C14E /* API */,
				BC10B1D82EC4E2D60067C14E /* Service */,
			);
			path = Network;
			sourceTree = "<group>";
		};
		BC10B1DA2EC4E2D60067C14E /* Core */ = {
			isa = PBXGroup;
			children = (
				BC10B1CF2EC4E2D60067C14E /* Extension */,
				BC10B1D92EC4E2D60067C14E /* Network */,
			);
			path = Core;
			sourceTree = "<group>";
		};
		BC10B1DC2EC4E2D60067C14E /* Model */ = {
			isa = PBXGroup;
			children = (
				BC10B1DA2EC4E2D60067C14E /* Core */,
				BC10B1DB2EC4E2D60067C14E /* ImagePicker.swift */,
			);
			path = Model;
			sourceTree = "<group>";
		};
		BC10B1E02EC4E2D60067C14E /* JeepChak */ = {
			isa = PBXGroup;
			children = (
				BC10B17C2EC4E2D60067C14E /* App */,
				BC10B1CC2EC4E2D60067C14E /* Feature */,
				BC10B1DC2EC4E2D60067C14E /* Model */,
				BC10B1DD2EC4E2D60067C14E /* Assets.xcassets */,
				BC10B1DE2EC4E2D60067C14E /* Info.plist */,
				BC10B1DF2EC4E2D60067C14E /* JeepChak.entitlements */,
			);
			path = JeepChak;
			sourceTree = "<group>";
		};
		BC10B2CF2EC83C0C0067C14E /* Saved */ = {
			isa = PBXGroup;
			children = (
				BC10B2E32EC84D1D0067C14E /* Model */,
				BC10B2D72EC83D8C0067C14E /* Components */,
				BC10B2D22EC83CA60067C14E /* SavedViewModel.swift */,
				BC10B2D02EC83C990067C14E /* SavedView.swift */,
			);
			path = Saved;
			sourceTree = "<group>";
		};
		BC10B2D72EC83D8C0067C14E /* Components */ = {
			isa = PBXGroup;
			children = (
				BC10B2E12EC841ED0067C14E /* SavedHeaderView.swift */,
				BC10B2D82EC83DA60067C14E /* SavedPropertyCard.swift */,
			);
			path = Components;
			sourceTree = "<group>";
		};
		BC10B2DE2EC83F4D0067C14E /* Components */ = {
			isa = PBXGroup;
			children = (
				BC10B2DF2EC83F550067C14E /* SelectablePropertyCard.swift */,
				BC10B1822EC4E2D60067C14E /* CheckListTextField.swift */,
			);
			path = Components;
			sourceTree = "<group>";
		};
		BC10B2E32EC84D1D0067C14E /* Model */ = {
			isa = PBXGroup;
			children = (
				BCBF072A2ED89746009ECE84 /* ChecklistItem.swift */,
				BCBF07262ED89673009ECE84 /* RiskDetail.swift */,
				BC10B2E42EC84D5A0067C14E /* SavedMdoel.swift */,
			);
			path = Model;
			sourceTree = "<group>";
		};
		BC10B2EA2EC8527E0067C14E /* Property */ = {
			isa = PBXGroup;
			children = (
				BC10B2EB2EC852870067C14E /* PropertyAPI.swift */,
			);
			path = Property;
			sourceTree = "<group>";
		};
		BC3D52942EA37C4800BD9E2B = {
			isa = PBXGroup;
			children = (
				BC10B1E02EC4E2D60067C14E /* JeepChak */,
				BC3D52AD2EA37C4A00BD9E2B /* JeepChakTests */,
				BC3D52B72EA37C4A00BD9E2B /* JeepChakUITests */,
				BC3D529E2EA37C4800BD9E2B /* Products */,
			);
			sourceTree = "<group>";
		};
		BC3D529E2EA37C4800BD9E2B /* Products */ = {
			isa = PBXGroup;
			children = (
				BC3D529D2EA37C4800BD9E2B /* JeepChak.app */,
				BC3D52AA2EA37C4A00BD9E2B /* JeepChakTests.xctest */,
				BC3D52B42EA37C4A00BD9E2B /* JeepChakUITests.xctest */,
			);
			name = Products;
			sourceTree = "<group>";
		};
		BCBF06692ED60160009ECE84 /* Components */ = {
			isa = PBXGroup;
			children = (
				BCBF072E2ED899EC009ECE84 /* ResourceCard.swift */,
				BCBF072C2ED899D1009ECE84 /* RiskSolutionCard.swift */,
				BCBF06702ED601F7009ECE84 /* AnalyzeButton.swift */,
				BCBF066E2ED601EF009ECE84 /* PropertyUploadCard.swift */,
				BCBF066C2ED601E9009ECE84 /* DocumentUploadCard.swift */,
				BCBF066A2ED601DD009ECE84 /* AnalyzeHeaderView.swift */,
			);
			path = Components;
			sourceTree = "<group>";
		};
		BCBF06722ED6D5DD009ECE84 /* Property */ = {
			isa = PBXGroup;
			children = (
				BCBF06752ED6D62C009ECE84 /* Components */,
				BCBF06732ED6D611009ECE84 /* PropertyUploadView.swift */,
			);
			path = Property;
			sourceTree = "<group>";
		};
		BCBF06752ED6D62C009ECE84 /* Components */ = {
			isa = PBXGroup;
			children = (
				BCBF067E2ED6D6EE009ECE84 /* PropertyUploadEmptyView.swift */,
				BCBF067C2ED6D6CC009ECE84 /* PropertyUploadErrorView.swift */,
				BCBF067A2ED6D655009ECE84 /* PropertyUploadLoadingView.swift */,
				BCBF06782ED6D644009ECE84 /* PropertyUploadBottomButton.swift */,
				BCBF06762ED6D635009ECE84 /* PropertyUploadHeaderView.swift */,
			);
			path = Components;
			sourceTree = "<group>";
		};
		BCBF07302EDADD97009ECE84 /* Conponents */ = {
			isa = PBXGroup;
			children = (
				BC10B1BC2EC4E2D60067C14E /* InfoSection.swift */,
				BC10B1BB2EC4E2D60067C14E /* InfoRow.swift */,
				BC10B1BF2EC4E2D60067C14E /* ProfileSection.swift */,
				BC10B1C02EC4E2D60067C14E /* RecommendationBanner.swift */,
				BC10B1C12EC4E2D60067C14E /* StatCard.swift */,
				BC10B1C22EC4E2D60067C14E /* StatisticsSection.swift */,
				BC10B1BD2EC4E2D60067C14E /* MyHeaderView.swift */,
			);
			path = Conponents;
			sourceTree = "<group>";
		};
		BCBF07D92EE04E18009ECE84 /* DTO */ = {
			isa = PBXGroup;
			children = (
				BCBF07DA2EE04E30009ECE84 /* AnalyzeDTO.swift */,
				BC10B2E62EC84F2C0067C14E /* ChecklistDTO.swift */,
				BC10B1D72EC4E2D60067C14E /* LoginDTO.swift */,
				BCF9E25D2ECCBD28004FB229 /* PropertyDTO.swift */,
			);
			path = DTO;
			sourceTree = "<group>";
		};
/* End PBXGroup section */

/* Begin PBXNativeTarget section */
		BC3D529C2EA37C4800BD9E2B /* JeepChak */ = {
			isa = PBXNativeTarget;
			buildConfigurationList = BC3D52BE2EA37C4A00BD9E2B /* Build configuration list for PBXNativeTarget "JeepChak" */;
			buildPhases = (
				BC3D52992EA37C4800BD9E2B /* Sources */,
				BC3D529A2EA37C4800BD9E2B /* Frameworks */,
				BC3D529B2EA37C4800BD9E2B /* Resources */,
			);
			buildRules = (
			);
			dependencies = (
			);
			name = JeepChak;
			packageProductDependencies = (
				BCC987B72EC40456002AE0F8 /* CombineMoya */,
				BCC987B92EC40456002AE0F8 /* Moya */,
				BCC987BB2EC40456002AE0F8 /* ReactiveMoya */,
				BCC987BD2EC40456002AE0F8 /* RxMoya */,
			);
			productName = JeepChak;
			productReference = BC3D529D2EA37C4800BD9E2B /* JeepChak.app */;
			productType = "com.apple.product-type.application";
		};
		BC3D52A92EA37C4A00BD9E2B /* JeepChakTests */ = {
			isa = PBXNativeTarget;
			buildConfigurationList = BC3D52C12EA37C4A00BD9E2B /* Build configuration list for PBXNativeTarget "JeepChakTests" */;
			buildPhases = (
				BC3D52A62EA37C4A00BD9E2B /* Sources */,
				BC3D52A72EA37C4A00BD9E2B /* Frameworks */,
				BC3D52A82EA37C4A00BD9E2B /* Resources */,
			);
			buildRules = (
			);
			dependencies = (
				BC3D52AC2EA37C4A00BD9E2B /* PBXTargetDependency */,
			);
			fileSystemSynchronizedGroups = (
				BC3D52AD2EA37C4A00BD9E2B /* JeepChakTests */,
			);
			name = JeepChakTests;
			packageProductDependencies = (
			);
			productName = JeepChakTests;
			productReference = BC3D52AA2EA37C4A00BD9E2B /* JeepChakTests.xctest */;
			productType = "com.apple.product-type.bundle.unit-test";
		};
		BC3D52B32EA37C4A00BD9E2B /* JeepChakUITests */ = {
			isa = PBXNativeTarget;
			buildConfigurationList = BC3D52C42EA37C4A00BD9E2B /* Build configuration list for PBXNativeTarget "JeepChakUITests" */;
			buildPhases = (
				BC3D52B02EA37C4A00BD9E2B /* Sources */,
				BC3D52B12EA37C4A00BD9E2B /* Frameworks */,
				BC3D52B22EA37C4A00BD9E2B /* Resources */,
			);
			buildRules = (
			);
			dependencies = (
				BC3D52B62EA37C4A00BD9E2B /* PBXTargetDependency */,
			);
			fileSystemSynchronizedGroups = (
				BC3D52B72EA37C4A00BD9E2B /* JeepChakUITests */,
			);
			name = JeepChakUITests;
			packageProductDependencies = (
			);
			productName = JeepChakUITests;
			productReference = BC3D52B42EA37C4A00BD9E2B /* JeepChakUITests.xctest */;
			productType = "com.apple.product-type.bundle.ui-testing";
		};
/* End PBXNativeTarget section */

/* Begin PBXProject section */
		BC3D52952EA37C4800BD9E2B /* Project object */ = {
			isa = PBXProject;
			attributes = {
				BuildIndependentTargetsInParallel = 1;
				LastSwiftUpdateCheck = 2600;
				LastUpgradeCheck = 2600;
				TargetAttributes = {
					BC3D529C2EA37C4800BD9E2B = {
						CreatedOnToolsVersion = 26.0;
					};
					BC3D52A92EA37C4A00BD9E2B = {
						CreatedOnToolsVersion = 26.0;
						TestTargetID = BC3D529C2EA37C4800BD9E2B;
					};
					BC3D52B32EA37C4A00BD9E2B = {
						CreatedOnToolsVersion = 26.0;
						TestTargetID = BC3D529C2EA37C4800BD9E2B;
					};
				};
			};
			buildConfigurationList = BC3D52982EA37C4800BD9E2B /* Build configuration list for PBXProject "JeepChak" */;
			developmentRegion = en;
			hasScannedForEncodings = 0;
			knownRegions = (
				en,
				Base,
			);
			mainGroup = BC3D52942EA37C4800BD9E2B;
			minimizedProjectReferenceProxies = 1;
			packageReferences = (
				BCC987B62EC40456002AE0F8 /* XCRemoteSwiftPackageReference "Moya" */,
			);
			preferredProjectObjectVersion = 77;
			productRefGroup = BC3D529E2EA37C4800BD9E2B /* Products */;
			projectDirPath = "";
			projectRoot = "";
			targets = (
				BC3D529C2EA37C4800BD9E2B /* JeepChak */,
				BC3D52A92EA37C4A00BD9E2B /* JeepChakTests */,
				BC3D52B32EA37C4A00BD9E2B /* JeepChakUITests */,
			);
		};
/* End PBXProject section */

/* Begin PBXResourcesBuildPhase section */
		BC3D529B2EA37C4800BD9E2B /* Resources */ = {
			isa = PBXResourcesBuildPhase;
			buildActionMask = 2147483647;
			files = (
				BC10B2282EC4E2D60067C14E /* AIGeneratedListView.swift in Resources */,
				BC10B2262EC4E2D60067C14E /* Assets.xcassets in Resources */,
			);
			runOnlyForDeploymentPostprocessing = 0;
		};
		BC3D52A82EA37C4A00BD9E2B /* Resources */ = {
			isa = PBXResourcesBuildPhase;
			buildActionMask = 2147483647;
			files = (
			);
			runOnlyForDeploymentPostprocessing = 0;
		};
		BC3D52B22EA37C4A00BD9E2B /* Resources */ = {
			isa = PBXResourcesBuildPhase;
			buildActionMask = 2147483647;
			files = (
			);
			runOnlyForDeploymentPostprocessing = 0;
		};
/* End PBXResourcesBuildPhase section */

/* Begin PBXSourcesBuildPhase section */
		BC3D52992EA37C4800BD9E2B /* Sources */ = {
			isa = PBXSourcesBuildPhase;
			buildActionMask = 2147483647;
			files = (
				BCF9E25E2ECCBD2F004FB229 /* PropertyDTO.swift in Sources */,
				BCBF07292ED8970D009ECE84 /* RiskSolutionView.swift in Sources */,
				BC10B1E12EC4E2D60067C14E /* AppState.swift in Sources */,
				BC10B1E22EC4E2D60067C14E /* JeepChakApp.swift in Sources */,
				BCBF07272ED89674009ECE84 /* RiskDetail.swift in Sources */,
				BC10B1E32EC4E2D60067C14E /* MainTabView.swift in Sources */,
				BC10B1E42EC4E2D60067C14E /* RootView.swift in Sources */,
				BC10B1E52EC4E2D60067C14E /* AnalyzeView.swift in Sources */,
				BC10B1E62EC4E2D60067C14E /* AnalyzeViewModel.swift in Sources */,
				BCBF07252ED89586009ECE84 /* AnalyzeResultView.swift in Sources */,
				BC10B1E72EC4E2D60067C14E /* AddCheckListView.swift in Sources */,
				BC10B1E82EC4E2D60067C14E /* AddCheckListViewModel.swift in Sources */,
				BC10B1E92EC4E2D60067C14E /* CheckListTextField.swift in Sources */,
				BC10B1EA2EC4E2D60067C14E /* AddChecklistSheet.swift in Sources */,
				BC10B1EB2EC4E2D60067C14E /* AIGeneratedListView.swift in Sources */,
				BC10B1EC2EC4E2D60067C14E /* AILoadingView.swift in Sources */,
				BCBF06742ED6D612009ECE84 /* PropertyUploadView.swift in Sources */,
				BC10B1ED2EC4E2D60067C14E /* AIResultView.swift in Sources */,
				BC10B2DD2EC83F1D0067C14E /* AddChecklistSavedView.swift in Sources */,
				BC10B1EE2EC4E2D60067C14E /* AddCheckListItem.swift in Sources */,
				BC10B1EF2EC4E2D60067C14E /* AICheckItem.swift in Sources */,
				BC10B1F02EC4E2D60067C14E /* CheckItem.swift in Sources */,
				BC10B1F12EC4E2D60067C14E /* DetailItem.swift in Sources */,
				BC10B1F22EC4E2D60067C14E /* AddCheckItemSheet.swift in Sources */,
				BCBF067B2ED6D656009ECE84 /* PropertyUploadLoadingView.swift in Sources */,
				BC10B2D92EC83DB40067C14E /* SavedPropertyCard.swift in Sources */,
				BC10B1F32EC4E2D60067C14E /* CheckListDetailHeaderView.swift in Sources */,
				BC10B1F42EC4E2D60067C14E /* CheckListFinalHeaderView.swift in Sources */,
				BC10B1F52EC4E2D60067C14E /* CheckListHeaderView.swift in Sources */,
				BC10B1F62EC4E2D60067C14E /* StatusButtonView.swift in Sources */,
				BC10B1F72EC4E2D60067C14E /* StatusIndicatorView.swift in Sources */,
				BC10B1F82EC4E2D60067C14E /* CheckListDetailView.swift in Sources */,
				BC10B2E02EC83F5A0067C14E /* SelectablePropertyCard.swift in Sources */,
				BC10B2EC2EC8528A0067C14E /* PropertyAPI.swift in Sources */,
				BCBF072D2ED899D1009ECE84 /* RiskSolutionCard.swift in Sources */,
				BC10B1F92EC4E2D60067C14E /* CheckListEmptyView.swift in Sources */,
				BCBF067F2ED6D6EF009ECE84 /* PropertyUploadEmptyView.swift in Sources */,
				BC10B1FA2EC4E2D60067C14E /* CheckListFinalView.swift in Sources */,
				BC10B1FB2EC4E2D60067C14E /* CheckListGridView.swift in Sources */,
				BC10B1FC2EC4E2D60067C14E /* CheckListView.swift in Sources */,
				BC10B1FD2EC4E2D60067C14E /* CheckListDetailViewModel.swift in Sources */,
				BC10B1FE2EC4E2D60067C14E /* CheckListFinalViewModel.swift in Sources */,
				BCBF067D2ED6D6CD009ECE84 /* PropertyUploadErrorView.swift in Sources */,
				BC10B1FF2EC4E2D60067C14E /* CheckListViewModel.swift in Sources */,
				BC10B2002EC4E2D60067C14E /* PropertyCard.swift in Sources */,
				BC10B2012EC4E2D60067C14E /* RecentPropertyCard.swift in Sources */,
				BCBF06712ED601F8009ECE84 /* AnalyzeButton.swift in Sources */,
				BCBF072F2ED899ED009ECE84 /* ResourceCard.swift in Sources */,
				BCBF06792ED6D644009ECE84 /* PropertyUploadBottomButton.swift in Sources */,
				BC10B2E22EC841FA0067C14E /* SavedHeaderView.swift in Sources */,
				BC10B2022EC4E2D60067C14E /* Property.swift in Sources */,
				BC10B2032EC4E2D60067C14E /* RecentProperty.swift in Sources */,
				BCBF07DB2EE04E43009ECE84 /* AnalyzeDTO.swift in Sources */,
				BC10B2042EC4E2D60067C14E /* HomeCategorySectionView.swift in Sources */,
				BC10B2052EC4E2D60067C14E /* HomeHeaderView.swift in Sources */,
				BC10B2062EC4E2D60067C14E /* HomePopularSectionView.swift in Sources */,
				BCBF072B2ED89747009ECE84 /* ChecklistItem.swift in Sources */,
				BC10B2072EC4E2D60067C14E /* HomeRecentSectionView.swift in Sources */,
				BC10B2082EC4E2D60067C14E /* HomeView.swift in Sources */,
				BC10B2092EC4E2D60067C14E /* HomeViewModel.swift in Sources */,
				BC10B20B2EC4E2D60067C14E /* AuthHeaderView.swift in Sources */,
				BC10B20C2EC4E2D60067C14E /* CustomSecureField.swift in Sources */,
				BC10B20D2EC4E2D60067C14E /* CustomTextField.swift in Sources */,
				BC10B20E2EC4E2D60067C14E /* LoginView.swift in Sources */,
				BC10B2D32EC83CAE0067C14E /* SavedViewModel.swift in Sources */,
				BC10B20F2EC4E2D60067C14E /* LoginViewModel.swift in Sources */,
				BC10B2D12EC83CA30067C14E /* SavedView.swift in Sources */,
				BC10B2102EC4E2D60067C14E /* MapView.swift in Sources */,
				BC10B2E72EC84F310067C14E /* ChecklistDTO.swift in Sources */,
				BCBF07322EDAE822009ECE84 /* AppleSignInStyledButton.swift in Sources */,
				BC10B22A2EC4EC160067C14E /* PropertyService.swift in Sources */,
				BC10B2112EC4E2D60067C14E /* MapViewModel.swift in Sources */,
				BC10B2122EC4E2D60067C14E /* UserInfo.swift in Sources */,
				BC10B2132EC4E2D60067C14E /* InfoRow.swift in Sources */,
				BC10B2142EC4E2D60067C14E /* InfoSection.swift in Sources */,
				BC10B2152EC4E2D60067C14E /* MyHeaderView.swift in Sources */,
				BC10B2162EC4E2D60067C14E /* MyView.swift in Sources */,
				BCBF066F2ED601F0009ECE84 /* PropertyUploadCard.swift in Sources */,
				BC10B2172EC4E2D60067C14E /* ProfileSection.swift in Sources */,
				BC10B2182EC4E2D60067C14E /* RecommendationBanner.swift in Sources */,
				BC10B2E92EC84FDC0067C14E /* ChecklistService.swift in Sources */,
				BCBF066B2ED601DE009ECE84 /* AnalyzeHeaderView.swift in Sources */,
				BC10B2192EC4E2D60067C14E /* StatCard.swift in Sources */,
				BC10B21A2EC4E2D60067C14E /* StatisticsSection.swift in Sources */,
				BC10B21B2EC4E2D60067C14E /* MyViewModel.swift in Sources */,
				BC10B21C2EC4E2D60067C14E /* SignUpView.swift in Sources */,
				BCBF06772ED6D636009ECE84 /* PropertyUploadHeaderView.swift in Sources */,
				BC10B21D2EC4E2D60067C14E /* SignUpViewModel.swift in Sources */,
				BC10B21E2EC4E2D60067C14E /* SplashView.swift in Sources */,
				BC10B21F2EC4E2D60067C14E /* Color+Extensions.swift in Sources */,
				BC10B2202EC4E2D60067C14E /* Date+Extensions.swift in Sources */,
				BC10B2212EC4E2D60067C14E /* AuthAPI.swift in Sources */,
				BC10B2222EC4E2D60067C14E /* ChecklistAPI.swift in Sources */,
				BC10B2242EC4E2D60067C14E /* LoginDTO.swift in Sources */,
				BC10B2E52EC84D5F0067C14E /* SavedMdoel.swift in Sources */,
				BC10B2252EC4E2D60067C14E /* ImagePicker.swift in Sources */,
				BCBF066D2ED601E9009ECE84 /* DocumentUploadCard.swift in Sources */,
			);
			runOnlyForDeploymentPostprocessing = 0;
		};
		BC3D52A62EA37C4A00BD9E2B /* Sources */ = {
			isa = PBXSourcesBuildPhase;
			buildActionMask = 2147483647;
			files = (
			);
			runOnlyForDeploymentPostprocessing = 0;
		};
		BC3D52B02EA37C4A00BD9E2B /* Sources */ = {
			isa = PBXSourcesBuildPhase;
			buildActionMask = 2147483647;
			files = (
			);
			runOnlyForDeploymentPostprocessing = 0;
		};
/* End PBXSourcesBuildPhase section */

/* Begin PBXTargetDependency section */
		BC3D52AC2EA37C4A00BD9E2B /* PBXTargetDependency */ = {
			isa = PBXTargetDependency;
			target = BC3D529C2EA37C4800BD9E2B /* JeepChak */;
			targetProxy = BC3D52AB2EA37C4A00BD9E2B /* PBXContainerItemProxy */;
		};
		BC3D52B62EA37C4A00BD9E2B /* PBXTargetDependency */ = {
			isa = PBXTargetDependency;
			target = BC3D529C2EA37C4800BD9E2B /* JeepChak */;
			targetProxy = BC3D52B52EA37C4A00BD9E2B /* PBXContainerItemProxy */;
		};
/* End PBXTargetDependency section */

/* Begin XCBuildConfiguration section */
		BC3D52BC2EA37C4A00BD9E2B /* Debug */ = {
			isa = XCBuildConfiguration;
			buildSettings = {
				ALWAYS_SEARCH_USER_PATHS = NO;
				ASSETCATALOG_COMPILER_GENERATE_SWIFT_ASSET_SYMBOL_EXTENSIONS = YES;
				CLANG_ANALYZER_NONNULL = YES;
				CLANG_ANALYZER_NUMBER_OBJECT_CONVERSION = YES_AGGRESSIVE;
				CLANG_CXX_LANGUAGE_STANDARD = "gnu++20";
				CLANG_ENABLE_MODULES = YES;
				CLANG_ENABLE_OBJC_ARC = YES;
				CLANG_ENABLE_OBJC_WEAK = YES;
				CLANG_WARN_BLOCK_CAPTURE_AUTORELEASING = YES;
				CLANG_WARN_BOOL_CONVERSION = YES;
				CLANG_WARN_COMMA = YES;
				CLANG_WARN_CONSTANT_CONVERSION = YES;
				CLANG_WARN_DEPRECATED_OBJC_IMPLEMENTATIONS = YES;
				CLANG_WARN_DIRECT_OBJC_ISA_USAGE = YES_ERROR;
				CLANG_WARN_DOCUMENTATION_COMMENTS = YES;
				CLANG_WARN_EMPTY_BODY = YES;
				CLANG_WARN_ENUM_CONVERSION = YES;
				CLANG_WARN_INFINITE_RECURSION = YES;
				CLANG_WARN_INT_CONVERSION = YES;
				CLANG_WARN_NON_LITERAL_NULL_CONVERSION = YES;
				CLANG_WARN_OBJC_IMPLICIT_RETAIN_SELF = YES;
				CLANG_WARN_OBJC_LITERAL_CONVERSION = YES;
				CLANG_WARN_OBJC_ROOT_CLASS = YES_ERROR;
				CLANG_WARN_QUOTED_INCLUDE_IN_FRAMEWORK_HEADER = YES;
				CLANG_WARN_RANGE_LOOP_ANALYSIS = YES;
				CLANG_WARN_STRICT_PROTOTYPES = YES;
				CLANG_WARN_SUSPICIOUS_MOVE = YES;
				CLANG_WARN_UNGUARDED_AVAILABILITY = YES_AGGRESSIVE;
				CLANG_WARN_UNREACHABLE_CODE = YES;
				CLANG_WARN__DUPLICATE_METHOD_MATCH = YES;
				COPY_PHASE_STRIP = NO;
				DEBUG_INFORMATION_FORMAT = dwarf;
				DEVELOPMENT_TEAM = QLF22M2925;
				ENABLE_STRICT_OBJC_MSGSEND = YES;
				ENABLE_TESTABILITY = YES;
				ENABLE_USER_SCRIPT_SANDBOXING = YES;
				GCC_C_LANGUAGE_STANDARD = gnu17;
				GCC_DYNAMIC_NO_PIC = NO;
				GCC_NO_COMMON_BLOCKS = YES;
				GCC_OPTIMIZATION_LEVEL = 0;
				GCC_PREPROCESSOR_DEFINITIONS = (
					"DEBUG=1",
					"$(inherited)",
				);
				GCC_WARN_64_TO_32_BIT_CONVERSION = YES;
				GCC_WARN_ABOUT_RETURN_TYPE = YES_ERROR;
				GCC_WARN_UNDECLARED_SELECTOR = YES;
				GCC_WARN_UNINITIALIZED_AUTOS = YES_AGGRESSIVE;
				GCC_WARN_UNUSED_FUNCTION = YES;
				GCC_WARN_UNUSED_VARIABLE = YES;
				IPHONEOS_DEPLOYMENT_TARGET = 26.0;
				LOCALIZATION_PREFERS_STRING_CATALOGS = YES;
				MTL_ENABLE_DEBUG_INFO = INCLUDE_SOURCE;
				MTL_FAST_MATH = YES;
				ONLY_ACTIVE_ARCH = YES;
				SDKROOT = iphoneos;
				SWIFT_ACTIVE_COMPILATION_CONDITIONS = "DEBUG $(inherited)";
				SWIFT_OPTIMIZATION_LEVEL = "-Onone";
			};
			name = Debug;
		};
		BC3D52BD2EA37C4A00BD9E2B /* Release */ = {
			isa = XCBuildConfiguration;
			buildSettings = {
				ALWAYS_SEARCH_USER_PATHS = NO;
				ASSETCATALOG_COMPILER_GENERATE_SWIFT_ASSET_SYMBOL_EXTENSIONS = YES;
				CLANG_ANALYZER_NONNULL = YES;
				CLANG_ANALYZER_NUMBER_OBJECT_CONVERSION = YES_AGGRESSIVE;
				CLANG_CXX_LANGUAGE_STANDARD = "gnu++20";
				CLANG_ENABLE_MODULES = YES;
				CLANG_ENABLE_OBJC_ARC = YES;
				CLANG_ENABLE_OBJC_WEAK = YES;
				CLANG_WARN_BLOCK_CAPTURE_AUTORELEASING = YES;
				CLANG_WARN_BOOL_CONVERSION = YES;
				CLANG_WARN_COMMA = YES;
				CLANG_WARN_CONSTANT_CONVERSION = YES;
				CLANG_WARN_DEPRECATED_OBJC_IMPLEMENTATIONS = YES;
				CLANG_WARN_DIRECT_OBJC_ISA_USAGE = YES_ERROR;
				CLANG_WARN_DOCUMENTATION_COMMENTS = YES;
				CLANG_WARN_EMPTY_BODY = YES;
				CLANG_WARN_ENUM_CONVERSION = YES;
				CLANG_WARN_INFINITE_RECURSION = YES;
				CLANG_WARN_INT_CONVERSION = YES;
				CLANG_WARN_NON_LITERAL_NULL_CONVERSION = YES;
				CLANG_WARN_OBJC_IMPLICIT_RETAIN_SELF = YES;
				CLANG_WARN_OBJC_LITERAL_CONVERSION = YES;
				CLANG_WARN_OBJC_ROOT_CLASS = YES_ERROR;
				CLANG_WARN_QUOTED_INCLUDE_IN_FRAMEWORK_HEADER = YES;
				CLANG_WARN_RANGE_LOOP_ANALYSIS = YES;
				CLANG_WARN_STRICT_PROTOTYPES = YES;
				CLANG_WARN_SUSPICIOUS_MOVE = YES;
				CLANG_WARN_UNGUARDED_AVAILABILITY = YES_AGGRESSIVE;
				CLANG_WARN_UNREACHABLE_CODE = YES;
				CLANG_WARN__DUPLICATE_METHOD_MATCH = YES;
				COPY_PHASE_STRIP = NO;
				DEBUG_INFORMATION_FORMAT = "dwarf-with-dsym";
				DEVELOPMENT_TEAM = QLF22M2925;
				ENABLE_NS_ASSERTIONS = NO;
				ENABLE_STRICT_OBJC_MSGSEND = YES;
				ENABLE_USER_SCRIPT_SANDBOXING = YES;
				GCC_C_LANGUAGE_STANDARD = gnu17;
				GCC_NO_COMMON_BLOCKS = YES;
				GCC_WARN_64_TO_32_BIT_CONVERSION = YES;
				GCC_WARN_ABOUT_RETURN_TYPE = YES_ERROR;
				GCC_WARN_UNDECLARED_SELECTOR = YES;
				GCC_WARN_UNINITIALIZED_AUTOS = YES_AGGRESSIVE;
				GCC_WARN_UNUSED_FUNCTION = YES;
				GCC_WARN_UNUSED_VARIABLE = YES;
				IPHONEOS_DEPLOYMENT_TARGET = 26.0;
				LOCALIZATION_PREFERS_STRING_CATALOGS = YES;
				MTL_ENABLE_DEBUG_INFO = NO;
				MTL_FAST_MATH = YES;
				SDKROOT = iphoneos;
				SWIFT_COMPILATION_MODE = wholemodule;
				VALIDATE_PRODUCT = YES;
			};
			name = Release;
		};
		BC3D52BF2EA37C4A00BD9E2B /* Debug */ = {
			isa = XCBuildConfiguration;
			buildSettings = {
				ASSETCATALOG_COMPILER_APPICON_NAME = AppIcon;
				ASSETCATALOG_COMPILER_GLOBAL_ACCENT_COLOR_NAME = AccentColor;
				CODE_SIGN_ENTITLEMENTS = JeepChak/JeepChak.entitlements;
				CODE_SIGN_STYLE = Automatic;
				CURRENT_PROJECT_VERSION = 1;
				DEVELOPMENT_TEAM = QLF22M2925;
				ENABLE_PREVIEWS = YES;
				GENERATE_INFOPLIST_FILE = YES;
				INFOPLIST_FILE = JeepChak/Info.plist;
				INFOPLIST_KEY_NSPhotoLibraryUsageDescription = "이미지를 불러오기 위한 라이브러리 입니다.";
				INFOPLIST_KEY_UIApplicationSceneManifest_Generation = YES;
				INFOPLIST_KEY_UIApplicationSupportsIndirectInputEvents = YES;
				INFOPLIST_KEY_UILaunchScreen_Generation = YES;
				INFOPLIST_KEY_UISupportedInterfaceOrientations_iPad = "UIInterfaceOrientationPortrait UIInterfaceOrientationPortraitUpsideDown UIInterfaceOrientationLandscapeLeft UIInterfaceOrientationLandscapeRight";
				INFOPLIST_KEY_UISupportedInterfaceOrientations_iPhone = "UIInterfaceOrientationPortrait UIInterfaceOrientationLandscapeLeft UIInterfaceOrientationLandscapeRight";
				IPHONEOS_DEPLOYMENT_TARGET = 18.6;
				LD_RUNPATH_SEARCH_PATHS = (
					"$(inherited)",
					"@executable_path/Frameworks",
				);
				MARKETING_VERSION = 1.0;
				PRODUCT_BUNDLE_IDENTIFIER = ListNavDemo.JeepChak;
				PRODUCT_NAME = "$(TARGET_NAME)";
				STRING_CATALOG_GENERATE_SYMBOLS = YES;
				SUPPORTED_PLATFORMS = "iphoneos iphonesimulator";
				SUPPORTS_MACCATALYST = NO;
				SUPPORTS_MAC_DESIGNED_FOR_IPHONE_IPAD = NO;
				SUPPORTS_XR_DESIGNED_FOR_IPHONE_IPAD = NO;
				SWIFT_APPROACHABLE_CONCURRENCY = YES;
				SWIFT_DEFAULT_ACTOR_ISOLATION = MainActor;
				SWIFT_EMIT_LOC_STRINGS = YES;
				SWIFT_UPCOMING_FEATURE_MEMBER_IMPORT_VISIBILITY = YES;
				SWIFT_VERSION = 5.0;
				TARGETED_DEVICE_FAMILY = 1;
			};
			name = Debug;
		};
		BC3D52C02EA37C4A00BD9E2B /* Release */ = {
			isa = XCBuildConfiguration;
			buildSettings = {
				ASSETCATALOG_COMPILER_APPICON_NAME = AppIcon;
				ASSETCATALOG_COMPILER_GLOBAL_ACCENT_COLOR_NAME = AccentColor;
				CODE_SIGN_ENTITLEMENTS = JeepChak/JeepChak.entitlements;
				CODE_SIGN_STYLE = Automatic;
				CURRENT_PROJECT_VERSION = 1;
				DEVELOPMENT_TEAM = QLF22M2925;
				ENABLE_PREVIEWS = YES;
				GENERATE_INFOPLIST_FILE = YES;
				INFOPLIST_FILE = JeepChak/Info.plist;
				INFOPLIST_KEY_NSPhotoLibraryUsageDescription = "이미지를 불러오기 위한 라이브러리 입니다.";
				INFOPLIST_KEY_UIApplicationSceneManifest_Generation = YES;
				INFOPLIST_KEY_UIApplicationSupportsIndirectInputEvents = YES;
				INFOPLIST_KEY_UILaunchScreen_Generation = YES;
				INFOPLIST_KEY_UISupportedInterfaceOrientations_iPad = "UIInterfaceOrientationPortrait UIInterfaceOrientationPortraitUpsideDown UIInterfaceOrientationLandscapeLeft UIInterfaceOrientationLandscapeRight";
				INFOPLIST_KEY_UISupportedInterfaceOrientations_iPhone = "UIInterfaceOrientationPortrait UIInterfaceOrientationLandscapeLeft UIInterfaceOrientationLandscapeRight";
				IPHONEOS_DEPLOYMENT_TARGET = 18.6;
				LD_RUNPATH_SEARCH_PATHS = (
					"$(inherited)",
					"@executable_path/Frameworks",
				);
				MARKETING_VERSION = 1.0;
				PRODUCT_BUNDLE_IDENTIFIER = ListNavDemo.JeepChak;
				PRODUCT_NAME = "$(TARGET_NAME)";
				STRING_CATALOG_GENERATE_SYMBOLS = YES;
				SUPPORTED_PLATFORMS = "iphoneos iphonesimulator";
				SUPPORTS_MACCATALYST = NO;
				SUPPORTS_MAC_DESIGNED_FOR_IPHONE_IPAD = NO;
				SUPPORTS_XR_DESIGNED_FOR_IPHONE_IPAD = NO;
				SWIFT_APPROACHABLE_CONCURRENCY = YES;
				SWIFT_DEFAULT_ACTOR_ISOLATION = MainActor;
				SWIFT_EMIT_LOC_STRINGS = YES;
				SWIFT_UPCOMING_FEATURE_MEMBER_IMPORT_VISIBILITY = YES;
				SWIFT_VERSION = 5.0;
				TARGETED_DEVICE_FAMILY = 1;
			};
			name = Release;
		};
		BC3D52C22EA37C4A00BD9E2B /* Debug */ = {
			isa = XCBuildConfiguration;
			buildSettings = {
				BUNDLE_LOADER = "$(TEST_HOST)";
				CODE_SIGN_STYLE = Automatic;
				CURRENT_PROJECT_VERSION = 1;
				DEVELOPMENT_TEAM = QLF22M2925;
				GENERATE_INFOPLIST_FILE = YES;
				IPHONEOS_DEPLOYMENT_TARGET = 26.0;
				MARKETING_VERSION = 1.0;
				PRODUCT_BUNDLE_IDENTIFIER = ListNavDemo.JeepChakTests;
				PRODUCT_NAME = "$(TARGET_NAME)";
				STRING_CATALOG_GENERATE_SYMBOLS = NO;
				SWIFT_APPROACHABLE_CONCURRENCY = YES;
				SWIFT_EMIT_LOC_STRINGS = NO;
				SWIFT_UPCOMING_FEATURE_MEMBER_IMPORT_VISIBILITY = YES;
				SWIFT_VERSION = 5.0;
				TARGETED_DEVICE_FAMILY = "1,2";
				TEST_HOST = "$(BUILT_PRODUCTS_DIR)/JeepChak.app/$(BUNDLE_EXECUTABLE_FOLDER_PATH)/JeepChak";
			};
			name = Debug;
		};
		BC3D52C32EA37C4A00BD9E2B /* Release */ = {
			isa = XCBuildConfiguration;
			buildSettings = {
				BUNDLE_LOADER = "$(TEST_HOST)";
				CODE_SIGN_STYLE = Automatic;
				CURRENT_PROJECT_VERSION = 1;
				DEVELOPMENT_TEAM = QLF22M2925;
				GENERATE_INFOPLIST_FILE = YES;
				IPHONEOS_DEPLOYMENT_TARGET = 26.0;
				MARKETING_VERSION = 1.0;
				PRODUCT_BUNDLE_IDENTIFIER = ListNavDemo.JeepChakTests;
				PRODUCT_NAME = "$(TARGET_NAME)";
				STRING_CATALOG_GENERATE_SYMBOLS = NO;
				SWIFT_APPROACHABLE_CONCURRENCY = YES;
				SWIFT_EMIT_LOC_STRINGS = NO;
				SWIFT_UPCOMING_FEATURE_MEMBER_IMPORT_VISIBILITY = YES;
				SWIFT_VERSION = 5.0;
				TARGETED_DEVICE_FAMILY = "1,2";
				TEST_HOST = "$(BUILT_PRODUCTS_DIR)/JeepChak.app/$(BUNDLE_EXECUTABLE_FOLDER_PATH)/JeepChak";
			};
			name = Release;
		};
		BC3D52C52EA37C4A00BD9E2B /* Debug */ = {
			isa = XCBuildConfiguration;
			buildSettings = {
				CODE_SIGN_STYLE = Automatic;
				CURRENT_PROJECT_VERSION = 1;
				DEVELOPMENT_TEAM = QLF22M2925;
				GENERATE_INFOPLIST_FILE = YES;
				MARKETING_VERSION = 1.0;
				PRODUCT_BUNDLE_IDENTIFIER = ListNavDemo.JeepChakUITests;
				PRODUCT_NAME = "$(TARGET_NAME)";
				STRING_CATALOG_GENERATE_SYMBOLS = NO;
				SWIFT_APPROACHABLE_CONCURRENCY = YES;
				SWIFT_EMIT_LOC_STRINGS = NO;
				SWIFT_UPCOMING_FEATURE_MEMBER_IMPORT_VISIBILITY = YES;
				SWIFT_VERSION = 5.0;
				TARGETED_DEVICE_FAMILY = "1,2";
				TEST_TARGET_NAME = JeepChak;
			};
			name = Debug;
		};
		BC3D52C62EA37C4A00BD9E2B /* Release */ = {
			isa = XCBuildConfiguration;
			buildSettings = {
				CODE_SIGN_STYLE = Automatic;
				CURRENT_PROJECT_VERSION = 1;
				DEVELOPMENT_TEAM = QLF22M2925;
				GENERATE_INFOPLIST_FILE = YES;
				MARKETING_VERSION = 1.0;
				PRODUCT_BUNDLE_IDENTIFIER = ListNavDemo.JeepChakUITests;
				PRODUCT_NAME = "$(TARGET_NAME)";
				STRING_CATALOG_GENERATE_SYMBOLS = NO;
				SWIFT_APPROACHABLE_CONCURRENCY = YES;
				SWIFT_EMIT_LOC_STRINGS = NO;
				SWIFT_UPCOMING_FEATURE_MEMBER_IMPORT_VISIBILITY = YES;
				SWIFT_VERSION = 5.0;
				TARGETED_DEVICE_FAMILY = "1,2";
				TEST_TARGET_NAME = JeepChak;
			};
			name = Release;
		};
/* End XCBuildConfiguration section */

/* Begin XCConfigurationList section */
		BC3D52982EA37C4800BD9E2B /* Build configuration list for PBXProject "JeepChak" */ = {
			isa = XCConfigurationList;
			buildConfigurations = (
				BC3D52BC2EA37C4A00BD9E2B /* Debug */,
				BC3D52BD2EA37C4A00BD9E2B /* Release */,
			);
			defaultConfigurationIsVisible = 0;
			defaultConfigurationName = Release;
		};
		BC3D52BE2EA37C4A00BD9E2B /* Build configuration list for PBXNativeTarget "JeepChak" */ = {
			isa = XCConfigurationList;
			buildConfigurations = (
				BC3D52BF2EA37C4A00BD9E2B /* Debug */,
				BC3D52C02EA37C4A00BD9E2B /* Release */,
			);
			defaultConfigurationIsVisible = 0;
			defaultConfigurationName = Release;
		};
		BC3D52C12EA37C4A00BD9E2B /* Build configuration list for PBXNativeTarget "JeepChakTests" */ = {
			isa = XCConfigurationList;
			buildConfigurations = (
				BC3D52C22EA37C4A00BD9E2B /* Debug */,
				BC3D52C32EA37C4A00BD9E2B /* Release */,
			);
			defaultConfigurationIsVisible = 0;
			defaultConfigurationName = Release;
		};
		BC3D52C42EA37C4A00BD9E2B /* Build configuration list for PBXNativeTarget "JeepChakUITests" */ = {
			isa = XCConfigurationList;
			buildConfigurations = (
				BC3D52C52EA37C4A00BD9E2B /* Debug */,
				BC3D52C62EA37C4A00BD9E2B /* Release */,
			);
			defaultConfigurationIsVisible = 0;
			defaultConfigurationName = Release;
		};
/* End XCConfigurationList section */

/* Begin XCRemoteSwiftPackageReference section */
		BCC987B62EC40456002AE0F8 /* XCRemoteSwiftPackageReference "Moya" */ = {
			isa = XCRemoteSwiftPackageReference;
			repositoryURL = "https://github.com/Moya/Moya";
			requirement = {
				kind = upToNextMajorVersion;
				minimumVersion = 15.0.3;
			};
		};
/* End XCRemoteSwiftPackageReference section */

/* Begin XCSwiftPackageProductDependency section */
		BCC987B72EC40456002AE0F8 /* CombineMoya */ = {
			isa = XCSwiftPackageProductDependency;
			package = BCC987B62EC40456002AE0F8 /* XCRemoteSwiftPackageReference "Moya" */;
			productName = CombineMoya;
		};
		BCC987B92EC40456002AE0F8 /* Moya */ = {
			isa = XCSwiftPackageProductDependency;
			package = BCC987B62EC40456002AE0F8 /* XCRemoteSwiftPackageReference "Moya" */;
			productName = Moya;
		};
		BCC987BB2EC40456002AE0F8 /* ReactiveMoya */ = {
			isa = XCSwiftPackageProductDependency;
			package = BCC987B62EC40456002AE0F8 /* XCRemoteSwiftPackageReference "Moya" */;
			productName = ReactiveMoya;
		};
		BCC987BD2EC40456002AE0F8 /* RxMoya */ = {
			isa = XCSwiftPackageProductDependency;
			package = BCC987B62EC40456002AE0F8 /* XCRemoteSwiftPackageReference "Moya" */;
			productName = RxMoya;
		};
/* End XCSwiftPackageProductDependency section */
	};
	rootObject = BC3D52952EA37C4800BD9E2B /* Project object */;
}
